// !$*UTF8*$!
{
	archiveVersion = 1;
	classes = {
	};
	objectVersion = 55;
	objects = {

/* Begin PBXBuildFile section */
		119E2F79287556A000BC2148 /* AppDelegate.swift in Sources */ = {isa = PBXBuildFile; fileRef = 119E2F78287556A000BC2148 /* AppDelegate.swift */; };
		119E2F7B287556A000BC2148 /* SceneDelegate.swift in Sources */ = {isa = PBXBuildFile; fileRef = 119E2F7A287556A000BC2148 /* SceneDelegate.swift */; };
		119E2F7D287556A000BC2148 /* ViewController.swift in Sources */ = {isa = PBXBuildFile; fileRef = 119E2F7C287556A000BC2148 /* ViewController.swift */; };
		119E2F80287556A000BC2148 /* Main.storyboard in Resources */ = {isa = PBXBuildFile; fileRef = 119E2F7E287556A000BC2148 /* Main.storyboard */; };
		119E2F82287556A400BC2148 /* Assets.xcassets in Resources */ = {isa = PBXBuildFile; fileRef = 119E2F81287556A400BC2148 /* Assets.xcassets */; };
		119E2F85287556A400BC2148 /* LaunchScreen.storyboard in Resources */ = {isa = PBXBuildFile; fileRef = 119E2F83287556A400BC2148 /* LaunchScreen.storyboard */; };
		119E2F90287556A400BC2148 /* Instagram_Demo_AppTests.swift in Sources */ = {isa = PBXBuildFile; fileRef = 119E2F8F287556A400BC2148 /* Instagram_Demo_AppTests.swift */; };
		119E2F9A287556A400BC2148 /* Instagram_Demo_AppUITests.swift in Sources */ = {isa = PBXBuildFile; fileRef = 119E2F99287556A400BC2148 /* Instagram_Demo_AppUITests.swift */; };
		119E2F9C287556A400BC2148 /* Instagram_Demo_AppUITestsLaunchTests.swift in Sources */ = {isa = PBXBuildFile; fileRef = 119E2F9B287556A400BC2148 /* Instagram_Demo_AppUITestsLaunchTests.swift */; };
/* End PBXBuildFile section */

/* Begin PBXContainerItemProxy section */
		119E2F8C287556A400BC2148 /* PBXContainerItemProxy */ = {
			isa = PBXContainerItemProxy;
			containerPortal = 119E2F6D287556A000BC2148 /* Project object */;
			proxyType = 1;
			remoteGlobalIDString = 119E2F74287556A000BC2148;
			remoteInfo = "Instagram Demo App";
		};
		119E2F96287556A400BC2148 /* PBXContainerItemProxy */ = {
			isa = PBXContainerItemProxy;
			containerPortal = 119E2F6D287556A000BC2148 /* Project object */;
			proxyType = 1;
			remoteGlobalIDString = 119E2F74287556A000BC2148;
			remoteInfo = "Instagram Demo App";
		};
/* End PBXContainerItemProxy section */

/* Begin PBXFileReference section */
		119E2F75287556A000BC2148 /* Instagram Demo App.app */ = {isa = PBXFileReference; explicitFileType = wrapper.application; includeInIndex = 0; path = "Instagram Demo App.app"; sourceTree = BUILT_PRODUCTS_DIR; };
		119E2F78287556A000BC2148 /* AppDelegate.swift */ = {isa = PBXFileReference; lastKnownFileType = sourcecode.swift; path = AppDelegate.swift; sourceTree = "<group>"; };
		119E2F7A287556A000BC2148 /* SceneDelegate.swift */ = {isa = PBXFileReference; lastKnownFileType = sourcecode.swift; path = SceneDelegate.swift; sourceTree = "<group>"; };
		119E2F7C287556A000BC2148 /* ViewController.swift */ = {isa = PBXFileReference; lastKnownFileType = sourcecode.swift; path = ViewController.swift; sourceTree = "<group>"; };
		119E2F7F287556A000BC2148 /* Base */ = {isa = PBXFileReference; lastKnownFileType = file.storyboard; name = Base; path = Base.lproj/Main.storyboard; sourceTree = "<group>"; };
		119E2F81287556A400BC2148 /* Assets.xcassets */ = {isa = PBXFileReference; lastKnownFileType = folder.assetcatalog; path = Assets.xcassets; sourceTree = "<group>"; };
		119E2F84287556A400BC2148 /* Base */ = {isa = PBXFileReference; lastKnownFileType = file.storyboard; name = Base; path = Base.lproj/LaunchScreen.storyboard; sourceTree = "<group>"; };
		119E2F86287556A400BC2148 /* Info.plist */ = {isa = PBXFileReference; lastKnownFileType = text.plist.xml; path = Info.plist; sourceTree = "<group>"; };
		119E2F8B287556A400BC2148 /* Instagram Demo AppTests.xctest */ = {isa = PBXFileReference; explicitFileType = wrapper.cfbundle; includeInIndex = 0; path = "Instagram Demo AppTests.xctest"; sourceTree = BUILT_PRODUCTS_DIR; };
		119E2F8F287556A400BC2148 /* Instagram_Demo_AppTests.swift */ = {isa = PBXFileReference; lastKnownFileType = sourcecode.swift; path = Instagram_Demo_AppTests.swift; sourceTree = "<group>"; };
		119E2F95287556A400BC2148 /* Instagram Demo AppUITests.xctest */ = {isa = PBXFileReference; explicitFileType = wrapper.cfbundle; includeInIndex = 0; path = "Instagram Demo AppUITests.xctest"; sourceTree = BUILT_PRODUCTS_DIR; };
		119E2F99287556A400BC2148 /* Instagram_Demo_AppUITests.swift */ = {isa = PBXFileReference; lastKnownFileType = sourcecode.swift; path = Instagram_Demo_AppUITests.swift; sourceTree = "<group>"; };
		119E2F9B287556A400BC2148 /* Instagram_Demo_AppUITestsLaunchTests.swift */ = {isa = PBXFileReference; lastKnownFileType = sourcecode.swift; path = Instagram_Demo_AppUITestsLaunchTests.swift; sourceTree = "<group>"; };
/* End PBXFileReference section */

/* Begin PBXFrameworksBuildPhase section */
		119E2F72287556A000BC2148 /* Frameworks */ = {
			isa = PBXFrameworksBuildPhase;
			buildActionMask = 2147483647;
			files = (
			);
			runOnlyForDeploymentPostprocessing = 0;
		};
		119E2F88287556A400BC2148 /* Frameworks */ = {
			isa = PBXFrameworksBuildPhase;
			buildActionMask = 2147483647;
			files = (
			);
			runOnlyForDeploymentPostprocessing = 0;
		};
		119E2F92287556A400BC2148 /* Frameworks */ = {
			isa = PBXFrameworksBuildPhase;
			buildActionMask = 2147483647;
			files = (
			);
			runOnlyForDeploymentPostprocessing = 0;
		};
/* End PBXFrameworksBuildPhase section */

/* Begin PBXGroup section */
		119E2F6C287556A000BC2148 = {
			isa = PBXGroup;
			children = (
				119E2F77287556A000BC2148 /* Instagram Demo App */,
				119E2F8E287556A400BC2148 /* Instagram Demo AppTests */,
				119E2F98287556A400BC2148 /* Instagram Demo AppUITests */,
				119E2F76287556A000BC2148 /* Products */,
			);
			sourceTree = "<group>";
		};
		119E2F76287556A000BC2148 /* Products */ = {
			isa = PBXGroup;
			children = (
				119E2F75287556A000BC2148 /* Instagram Demo App.app */,
				119E2F8B287556A400BC2148 /* Instagram Demo AppTests.xctest */,
				119E2F95287556A400BC2148 /* Instagram Demo AppUITests.xctest */,
			);
			name = Products;
			sourceTree = "<group>";
		};
		119E2F77287556A000BC2148 /* Instagram Demo App */ = {
			isa = PBXGroup;
			children = (
				119E2F78287556A000BC2148 /* AppDelegate.swift */,
				119E2F7A287556A000BC2148 /* SceneDelegate.swift */,
				119E2F7C287556A000BC2148 /* ViewController.swift */,
				119E2F7E287556A000BC2148 /* Main.storyboard */,
				119E2F81287556A400BC2148 /* Assets.xcassets */,
				119E2F83287556A400BC2148 /* LaunchScreen.storyboard */,
				119E2F86287556A400BC2148 /* Info.plist */,
			);
			path = "Instagram Demo App";
			sourceTree = "<group>";
		};
		119E2F8E287556A400BC2148 /* Instagram Demo AppTests */ = {
			isa = PBXGroup;
			children = (
				119E2F8F287556A400BC2148 /* Instagram_Demo_AppTests.swift */,
			);
			path = "Instagram Demo AppTests";
			sourceTree = "<group>";
		};
		119E2F98287556A400BC2148 /* Instagram Demo AppUITests */ = {
			isa = PBXGroup;
			children = (
				119E2F99287556A400BC2148 /* Instagram_Demo_AppUITests.swift */,
				119E2F9B287556A400BC2148 /* Instagram_Demo_AppUITestsLaunchTests.swift */,
			);
			path = "Instagram Demo AppUITests";
			sourceTree = "<group>";
		};
/* End PBXGroup section */

/* Begin PBXNativeTarget section */
		119E2F74287556A000BC2148 /* Instagram Demo App */ = {
			isa = PBXNativeTarget;
			buildConfigurationList = 119E2F9F287556A400BC2148 /* Build configuration list for PBXNativeTarget "Instagram Demo App" */;
			buildPhases = (
				119E2F71287556A000BC2148 /* Sources */,
				119E2F72287556A000BC2148 /* Frameworks */,
				119E2F73287556A000BC2148 /* Resources */,
			);
			buildRules = (
			);
			dependencies = (
			);
			name = "Instagram Demo App";
			productName = "Instagram Demo App";
			productReference = 119E2F75287556A000BC2148 /* Instagram Demo App.app */;
			productType = "com.apple.product-type.application";
		};
		119E2F8A287556A400BC2148 /* Instagram Demo AppTests */ = {
			isa = PBXNativeTarget;
			buildConfigurationList = 119E2FA2287556A400BC2148 /* Build configuration list for PBXNativeTarget "Instagram Demo AppTests" */;
			buildPhases = (
				119E2F87287556A400BC2148 /* Sources */,
				119E2F88287556A400BC2148 /* Frameworks */,
				119E2F89287556A400BC2148 /* Resources */,
			);
			buildRules = (
			);
			dependencies = (
				119E2F8D287556A400BC2148 /* PBXTargetDependency */,
			);
			name = "Instagram Demo AppTests";
			productName = "Instagram Demo AppTests";
			productReference = 119E2F8B287556A400BC2148 /* Instagram Demo AppTests.xctest */;
			productType = "com.apple.product-type.bundle.unit-test";
		};
		119E2F94287556A400BC2148 /* Instagram Demo AppUITests */ = {
			isa = PBXNativeTarget;
			buildConfigurationList = 119E2FA5287556A400BC2148 /* Build configuration list for PBXNativeTarget "Instagram Demo AppUITests" */;
			buildPhases = (
				119E2F91287556A400BC2148 /* Sources */,
				119E2F92287556A400BC2148 /* Frameworks */,
				119E2F93287556A400BC2148 /* Resources */,
			);
			buildRules = (
			);
			dependencies = (
				119E2F97287556A400BC2148 /* PBXTargetDependency */,
			);
			name = "Instagram Demo AppUITests";
			productName = "Instagram Demo AppUITests";
			productReference = 119E2F95287556A400BC2148 /* Instagram Demo AppUITests.xctest */;
			productType = "com.apple.product-type.bundle.ui-testing";
		};
/* End PBXNativeTarget section */

/* Begin PBXProject section */
		119E2F6D287556A000BC2148 /* Project object */ = {
			isa = PBXProject;
			attributes = {
				BuildIndependentTargetsInParallel = 1;
				LastSwiftUpdateCheck = 1340;
				LastUpgradeCheck = 1340;
				TargetAttributes = {
					119E2F74287556A000BC2148 = {
						CreatedOnToolsVersion = 13.4.1;
					};
					119E2F8A287556A400BC2148 = {
						CreatedOnToolsVersion = 13.4.1;
						TestTargetID = 119E2F74287556A000BC2148;
					};
					119E2F94287556A400BC2148 = {
						CreatedOnToolsVersion = 13.4.1;
						TestTargetID = 119E2F74287556A000BC2148;
					};
				};
			};
			buildConfigurationList = 119E2F70287556A000BC2148 /* Build configuration list for PBXProject "Instagram Demo App" */;
			compatibilityVersion = "Xcode 13.0";
			developmentRegion = en;
			hasScannedForEncodings = 0;
			knownRegions = (
				en,
				Base,
			);
			mainGroup = 119E2F6C287556A000BC2148;
			productRefGroup = 119E2F76287556A000BC2148 /* Products */;
			projectDirPath = "";
			projectRoot = "";
			targets = (
				119E2F74287556A000BC2148 /* Instagram Demo App */,
				119E2F8A287556A400BC2148 /* Instagram Demo AppTests */,
				119E2F94287556A400BC2148 /* Instagram Demo AppUITests */,
			);
		};
/* End PBXProject section */

/* Begin PBXResourcesBuildPhase section */
		119E2F73287556A000BC2148 /* Resources */ = {
			isa = PBXResourcesBuildPhase;
			buildActionMask = 2147483647;
			files = (
				119E2F85287556A400BC2148 /* LaunchScreen.storyboard in Resources */,
				119E2F82287556A400BC2148 /* Assets.xcassets in Resources */,
				119E2F80287556A000BC2148 /* Main.storyboard in Resources */,
			);
			runOnlyForDeploymentPostprocessing = 0;
		};
		119E2F89287556A400BC2148 /* Resources */ = {
			isa = PBXResourcesBuildPhase;
			buildActionMask = 2147483647;
			files = (
			);
			runOnlyForDeploymentPostprocessing = 0;
		};
		119E2F93287556A400BC2148 /* Resources */ = {
			isa = PBXResourcesBuildPhase;
			buildActionMask = 2147483647;
			files = (
			);
			runOnlyForDeploymentPostprocessing = 0;
		};
/* End PBXResourcesBuildPhase section */

/* Begin PBXSourcesBuildPhase section */
		119E2F71287556A000BC2148 /* Sources */ = {
			isa = PBXSourcesBuildPhase;
			buildActionMask = 2147483647;
			files = (
				119E2F7D287556A000BC2148 /* ViewController.swift in Sources */,
				119E2F79287556A000BC2148 /* AppDelegate.swift in Sources */,
				119E2F7B287556A000BC2148 /* SceneDelegate.swift in Sources */,
			);
			runOnlyForDeploymentPostprocessing = 0;
		};
		119E2F87287556A400BC2148 /* Sources */ = {
			isa = PBXSourcesBuildPhase;
			buildActionMask = 2147483647;
			files = (
				119E2F90287556A400BC2148 /* Instagram_Demo_AppTests.swift in Sources */,
			);
			runOnlyForDeploymentPostprocessing = 0;
		};
		119E2F91287556A400BC2148 /* Sources */ = {
			isa = PBXSourcesBuildPhase;
			buildActionMask = 2147483647;
			files = (
				119E2F9C287556A400BC2148 /* Instagram_Demo_AppUITestsLaunchTests.swift in Sources */,
				119E2F9A287556A400BC2148 /* Instagram_Demo_AppUITests.swift in Sources */,
			);
			runOnlyForDeploymentPostprocessing = 0;
		};
/* End PBXSourcesBuildPhase section */

/* Begin PBXTargetDependency section */
		119E2F8D287556A400BC2148 /* PBXTargetDependency */ = {
			isa = PBXTargetDependency;
			target = 119E2F74287556A000BC2148 /* Instagram Demo App */;
			targetProxy = 119E2F8C287556A400BC2148 /* PBXContainerItemProxy */;
		};
		119E2F97287556A400BC2148 /* PBXTargetDependency */ = {
			isa = PBXTargetDependency;
			target = 119E2F74287556A000BC2148 /* Instagram Demo App */;
			targetProxy = 119E2F96287556A400BC2148 /* PBXContainerItemProxy */;
		};
/* End PBXTargetDependency section */

/* Begin PBXVariantGroup section */
		119E2F7E287556A000BC2148 /* Main.storyboard */ = {
			isa = PBXVariantGroup;
			children = (
				119E2F7F287556A000BC2148 /* Base */,
			);
			name = Main.storyboard;
			sourceTree = "<group>";
		};
		119E2F83287556A400BC2148 /* LaunchScreen.storyboard */ = {
			isa = PBXVariantGroup;
			children = (
				119E2F84287556A400BC2148 /* Base */,
			);
			name = LaunchScreen.storyboard;
			sourceTree = "<group>";
		};
/* End PBXVariantGroup section */

/* Begin XCBuildConfiguration section */
		119E2F9D287556A400BC2148 /* Debug */ = {
			isa = XCBuildConfiguration;
			buildSettings = {
				ALWAYS_SEARCH_USER_PATHS = NO;
				CLANG_ANALYZER_NONNULL = YES;
				CLANG_ANALYZER_NUMBER_OBJECT_CONVERSION = YES_AGGRESSIVE;
				CLANG_CXX_LANGUAGE_STANDARD = "gnu++17";
				CLANG_ENABLE_MODULES = YES;
				CLANG_ENABLE_OBJC_ARC = YES;
				CLANG_ENABLE_OBJC_WEAK = YES;
				CLANG_WARN_BLOCK_CAPTURE_AUTORELEASING = YES;
				CLANG_WARN_BOOL_CONVERSION = YES;
				CLANG_WARN_COMMA = YES;
				CLANG_WARN_CONSTANT_CONVERSION = YES;
				CLANG_WARN_DEPRECATED_OBJC_IMPLEMENTATIONS = YES;
				CLANG_WARN_DIRECT_OBJC_ISA_USAGE = YES_ERROR;
				CLANG_WARN_DOCUMENTATION_COMMENTS = YES;
				CLANG_WARN_EMPTY_BODY = YES;
				CLANG_WARN_ENUM_CONVERSION = YES;
				CLANG_WARN_INFINITE_RECURSION = YES;
				CLANG_WARN_INT_CONVERSION = YES;
				CLANG_WARN_NON_LITERAL_NULL_CONVERSION = YES;
				CLANG_WARN_OBJC_IMPLICIT_RETAIN_SELF = YES;
				CLANG_WARN_OBJC_LITERAL_CONVERSION = YES;
				CLANG_WARN_OBJC_ROOT_CLASS = YES_ERROR;
				CLANG_WARN_QUOTED_INCLUDE_IN_FRAMEWORK_HEADER = YES;
				CLANG_WARN_RANGE_LOOP_ANALYSIS = YES;
				CLANG_WARN_STRICT_PROTOTYPES = YES;
				CLANG_WARN_SUSPICIOUS_MOVE = YES;
				CLANG_WARN_UNGUARDED_AVAILABILITY = YES_AGGRESSIVE;
				CLANG_WARN_UNREACHABLE_CODE = YES;
				CLANG_WARN__DUPLICATE_METHOD_MATCH = YES;
				COPY_PHASE_STRIP = NO;
				DEBUG_INFORMATION_FORMAT = dwarf;
				ENABLE_STRICT_OBJC_MSGSEND = YES;
				ENABLE_TESTABILITY = YES;
				GCC_C_LANGUAGE_STANDARD = gnu11;
				GCC_DYNAMIC_NO_PIC = NO;
				GCC_NO_COMMON_BLOCKS = YES;
				GCC_OPTIMIZATION_LEVEL = 0;
				GCC_PREPROCESSOR_DEFINITIONS = (
					"DEBUG=1",
					"$(inherited)",
				);
				GCC_WARN_64_TO_32_BIT_CONVERSION = YES;
				GCC_WARN_ABOUT_RETURN_TYPE = YES_ERROR;
				GCC_WARN_UNDECLARED_SELECTOR = YES;
				GCC_WARN_UNINITIALIZED_AUTOS = YES_AGGRESSIVE;
				GCC_WARN_UNUSED_FUNCTION = YES;
				GCC_WARN_UNUSED_VARIABLE = YES;
				IPHONEOS_DEPLOYMENT_TARGET = 15.5;
				MTL_ENABLE_DEBUG_INFO = INCLUDE_SOURCE;
				MTL_FAST_MATH = YES;
				ONLY_ACTIVE_ARCH = YES;
				SDKROOT = iphoneos;
				SWIFT_ACTIVE_COMPILATION_CONDITIONS = DEBUG;
				SWIFT_OPTIMIZATION_LEVEL = "-Onone";
			};
			name = Debug;
		};
		119E2F9E287556A400BC2148 /* Release */ = {
			isa = XCBuildConfiguration;
			buildSettings = {
				ALWAYS_SEARCH_USER_PATHS = NO;
				CLANG_ANALYZER_NONNULL = YES;
				CLANG_ANALYZER_NUMBER_OBJECT_CONVERSION = YES_AGGRESSIVE;
				CLANG_CXX_LANGUAGE_STANDARD = "gnu++17";
				CLANG_ENABLE_MODULES = YES;
				CLANG_ENABLE_OBJC_ARC = YES;
				CLANG_ENABLE_OBJC_WEAK = YES;
				CLANG_WARN_BLOCK_CAPTURE_AUTORELEASING = YES;
				CLANG_WARN_BOOL_CONVERSION = YES;
				CLANG_WARN_COMMA = YES;
				CLANG_WARN_CONSTANT_CONVERSION = YES;
				CLANG_WARN_DEPRECATED_OBJC_IMPLEMENTATIONS = YES;
				CLANG_WARN_DIRECT_OBJC_ISA_USAGE = YES_ERROR;
				CLANG_WARN_DOCUMENTATION_COMMENTS = YES;
				CLANG_WARN_EMPTY_BODY = YES;
				CLANG_WARN_ENUM_CONVERSION = YES;
				CLANG_WARN_INFINITE_RECURSION = YES;
				CLANG_WARN_INT_CONVERSION = YES;
				CLANG_WARN_NON_LITERAL_NULL_CONVERSION = YES;
				CLANG_WARN_OBJC_IMPLICIT_RETAIN_SELF = YES;
				CLANG_WARN_OBJC_LITERAL_CONVERSION = YES;
				CLANG_WARN_OBJC_ROOT_CLASS = YES_ERROR;
				CLANG_WARN_QUOTED_INCLUDE_IN_FRAMEWORK_HEADER = YES;
				CLANG_WARN_RANGE_LOOP_ANALYSIS = YES;
				CLANG_WARN_STRICT_PROTOTYPES = YES;
				CLANG_WARN_SUSPICIOUS_MOVE = YES;
				CLANG_WARN_UNGUARDED_AVAILABILITY = YES_AGGRESSIVE;
				CLANG_WARN_UNREACHABLE_CODE = YES;
				CLANG_WARN__DUPLICATE_METHOD_MATCH = YES;
				COPY_PHASE_STRIP = NO;
				DEBUG_INFORMATION_FORMAT = "dwarf-with-dsym";
				ENABLE_NS_ASSERTIONS = NO;
				ENABLE_STRICT_OBJC_MSGSEND = YES;
				GCC_C_LANGUAGE_STANDARD = gnu11;
				GCC_NO_COMMON_BLOCKS = YES;
				GCC_WARN_64_TO_32_BIT_CONVERSION = YES;
				GCC_WARN_ABOUT_RETURN_TYPE = YES_ERROR;
				GCC_WARN_UNDECLARED_SELECTOR = YES;
				GCC_WARN_UNINITIALIZED_AUTOS = YES_AGGRESSIVE;
				GCC_WARN_UNUSED_FUNCTION = YES;
				GCC_WARN_UNUSED_VARIABLE = YES;
				IPHONEOS_DEPLOYMENT_TARGET = 15.5;
				MTL_ENABLE_DEBUG_INFO = NO;
				MTL_FAST_MATH = YES;
				SDKROOT = iphoneos;
				SWIFT_COMPILATION_MODE = wholemodule;
				SWIFT_OPTIMIZATION_LEVEL = "-O";
				VALIDATE_PRODUCT = YES;
			};
			name = Release;
		};
		119E2FA0287556A400BC2148 /* Debug */ = {
			isa = XCBuildConfiguration;
			buildSettings = {
				ASSETCATALOG_COMPILER_APPICON_NAME = AppIcon;
				ASSETCATALOG_COMPILER_GLOBAL_ACCENT_COLOR_NAME = AccentColor;
				CODE_SIGN_STYLE = Automatic;
				CURRENT_PROJECT_VERSION = 1;
				DEVELOPMENT_TEAM = DU2WK9P9Q7;
				GENERATE_INFOPLIST_FILE = YES;
				INFOPLIST_FILE = "Instagram Demo App/Info.plist";
				INFOPLIST_KEY_UIApplicationSupportsIndirectInputEvents = YES;
				INFOPLIST_KEY_UILaunchStoryboardName = LaunchScreen;
				INFOPLIST_KEY_UIMainStoryboardFile = Main;
				INFOPLIST_KEY_UISupportedInterfaceOrientations_iPad = "UIInterfaceOrientationPortrait UIInterfaceOrientationPortraitUpsideDown UIInterfaceOrientationLandscapeLeft UIInterfaceOrientationLandscapeRight";
				INFOPLIST_KEY_UISupportedInterfaceOrientations_iPhone = "UIInterfaceOrientationPortrait UIInterfaceOrientationLandscapeLeft UIInterfaceOrientationLandscapeRight";
				LD_RUNPATH_SEARCH_PATHS = (
					"$(inherited)",
					"@executable_path/Frameworks",
				);
				MARKETING_VERSION = 1.0;
				PRODUCT_BUNDLE_IDENTIFIER = "com.pitggy.Instagram-Demo-App";
				PRODUCT_NAME = "$(TARGET_NAME)";
				SWIFT_EMIT_LOC_STRINGS = YES;
				SWIFT_VERSION = 5.0;
				TARGETED_DEVICE_FAMILY = "1,2";
			};
			name = Debug;
		};
		119E2FA1287556A400BC2148 /* Release */ = {
			isa = XCBuildConfiguration;
			buildSettings = {
				ASSETCATALOG_COMPILER_APPICON_NAME = AppIcon;
				ASSETCATALOG_COMPILER_GLOBAL_ACCENT_COLOR_NAME = AccentColor;
				CODE_SIGN_STYLE = Automatic;
				CURRENT_PROJECT_VERSION = 1;
				DEVELOPMENT_TEAM = DU2WK9P9Q7;
				GENERATE_INFOPLIST_FILE = YES;
				INFOPLIST_FILE = "Instagram Demo App/Info.plist";
				INFOPLIST_KEY_UIApplicationSupportsIndirectInputEvents = YES;
				INFOPLIST_KEY_UILaunchStoryboardName = LaunchScreen;
				INFOPLIST_KEY_UIMainStoryboardFile = Main;
				INFOPLIST_KEY_UISupportedInterfaceOrientations_iPad = "UIInterfaceOrientationPortrait UIInterfaceOrientationPortraitUpsideDown UIInterfaceOrientationLandscapeLeft UIInterfaceOrientationLandscapeRight";
				INFOPLIST_KEY_UISupportedInterfaceOrientations_iPhone = "UIInterfaceOrientationPortrait UIInterfaceOrientationLandscapeLeft UIInterfaceOrientationLandscapeRight";
				LD_RUNPATH_SEARCH_PATHS = (
					"$(inherited)",
					"@executable_path/Frameworks",
				);
				MARKETING_VERSION = 1.0;
				PRODUCT_BUNDLE_IDENTIFIER = "com.pitggy.Instagram-Demo-App";
				PRODUCT_NAME = "$(TARGET_NAME)";
				SWIFT_EMIT_LOC_STRINGS = YES;
				SWIFT_VERSION = 5.0;
				TARGETED_DEVICE_FAMILY = "1,2";
			};
			name = Release;
		};
		119E2FA3287556A400BC2148 /* Debug */ = {
			isa = XCBuildConfiguration;
			buildSettings = {
				ALWAYS_EMBED_SWIFT_STANDARD_LIBRARIES = YES;
				BUNDLE_LOADER = "$(TEST_HOST)";
				CODE_SIGN_STYLE = Automatic;
				CURRENT_PROJECT_VERSION = 1;
				DEVELOPMENT_TEAM = DU2WK9P9Q7;
				GENERATE_INFOPLIST_FILE = YES;
				IPHONEOS_DEPLOYMENT_TARGET = 15.5;
				MARKETING_VERSION = 1.0;
				PRODUCT_BUNDLE_IDENTIFIER = "com.pitggy.Instagram-Demo-AppTests";
				PRODUCT_NAME = "$(TARGET_NAME)";
				SWIFT_EMIT_LOC_STRINGS = NO;
				SWIFT_VERSION = 5.0;
				TARGETED_DEVICE_FAMILY = "1,2";
				TEST_HOST = "$(BUILT_PRODUCTS_DIR)/Instagram Demo App.app/Instagram Demo App";
			};
			name = Debug;
		};
		119E2FA4287556A400BC2148 /* Release */ = {
			isa = XCBuildConfiguration;
			buildSettings = {
				ALWAYS_EMBED_SWIFT_STANDARD_LIBRARIES = YES;
				BUNDLE_LOADER = "$(TEST_HOST)";
				CODE_SIGN_STYLE = Automatic;
				CURRENT_PROJECT_VERSION = 1;
				DEVELOPMENT_TEAM = DU2WK9P9Q7;
				GENERATE_INFOPLIST_FILE = YES;
				IPHONEOS_DEPLOYMENT_TARGET = 15.5;
				MARKETING_VERSION = 1.0;
				PRODUCT_BUNDLE_IDENTIFIER = "com.pitggy.Instagram-Demo-AppTests";
				PRODUCT_NAME = "$(TARGET_NAME)";
				SWIFT_EMIT_LOC_STRINGS = NO;
				SWIFT_VERSION = 5.0;
				TARGETED_DEVICE_FAMILY = "1,2";
				TEST_HOST = "$(BUILT_PRODUCTS_DIR)/Instagram Demo App.app/Instagram Demo App";
			};
			name = Release;
		};
		119E2FA6287556A400BC2148 /* Debug */ = {
			isa = XCBuildConfiguration;
			buildSettings = {
				ALWAYS_EMBED_SWIFT_STANDARD_LIBRARIES = YES;
				CODE_SIGN_STYLE = Automatic;
				CURRENT_PROJECT_VERSION = 1;
				DEVELOPMENT_TEAM = DU2WK9P9Q7;
				GENERATE_INFOPLIST_FILE = YES;
				MARKETING_VERSION = 1.0;
				PRODUCT_BUNDLE_IDENTIFIER = "com.pitggy.Instagram-Demo-AppUITests";
				PRODUCT_NAME = "$(TARGET_NAME)";
				SWIFT_EMIT_LOC_STRINGS = NO;
				SWIFT_VERSION = 5.0;
				TARGETED_DEVICE_FAMILY = "1,2";
				TEST_TARGET_NAME = "Instagram Demo App";
			};
			name = Debug;
		};
		119E2FA7287556A400BC2148 /* Release */ = {
			isa = XCBuildConfiguration;
			buildSettings = {
				ALWAYS_EMBED_SWIFT_STANDARD_LIBRARIES = YES;
				CODE_SIGN_STYLE = Automatic;
				CURRENT_PROJECT_VERSION = 1;
				DEVELOPMENT_TEAM = DU2WK9P9Q7;
				GENERATE_INFOPLIST_FILE = YES;
				MARKETING_VERSION = 1.0;
				PRODUCT_BUNDLE_IDENTIFIER = "com.pitggy.Instagram-Demo-AppUITests";
				PRODUCT_NAME = "$(TARGET_NAME)";
				SWIFT_EMIT_LOC_STRINGS = NO;
				SWIFT_VERSION = 5.0;
				TARGETED_DEVICE_FAMILY = "1,2";
				TEST_TARGET_NAME = "Instagram Demo App";
			};
			name = Release;
		};
/* End XCBuildConfiguration section */

/* Begin XCConfigurationList section */
		119E2F70287556A000BC2148 /* Build configuration list for PBXProject "Instagram Demo App" */ = {
			isa = XCConfigurationList;
			buildConfigurations = (
				119E2F9D287556A400BC2148 /* Debug */,
				119E2F9E287556A400BC2148 /* Release */,
			);
			defaultConfigurationIsVisible = 0;
			defaultConfigurationName = Release;
		};
		119E2F9F287556A400BC2148 /* Build configuration list for PBXNativeTarget "Instagram Demo App" */ = {
			isa = XCConfigurationList;
			buildConfigurations = (
				119E2FA0287556A400BC2148 /* Debug */,
				119E2FA1287556A400BC2148 /* Release */,
			);
			defaultConfigurationIsVisible = 0;
			defaultConfigurationName = Release;
		};
		119E2FA2287556A400BC2148 /* Build configuration list for PBXNativeTarget "Instagram Demo AppTests" */ = {
			isa = XCConfigurationList;
			buildConfigurations = (
				119E2FA3287556A400BC2148 /* Debug */,
				119E2FA4287556A400BC2148 /* Release */,
			);
			defaultConfigurationIsVisible = 0;
			defaultConfigurationName = Release;
		};
		119E2FA5287556A400BC2148 /* Build configuration list for PBXNativeTarget "Instagram Demo AppUITests" */ = {
			isa = XCConfigurationList;
			buildConfigurations = (
				119E2FA6287556A400BC2148 /* Debug */,
				119E2FA7287556A400BC2148 /* Release */,
			);
			defaultConfigurationIsVisible = 0;
			defaultConfigurationName = Release;
		};
/* End XCConfigurationList section */
	};
	rootObject = 119E2F6D287556A000BC2148 /* Project object */;
}
