// !$*UTF8*$!
{
	archiveVersion = 1;
	classes = {
	};
	objectVersion = 55;
	objects = {

/* Begin PBXBuildFile section */
		11F46304286BC9EA0009EC41 /* AppDelegate.swift in Sources */ = {isa = PBXBuildFile; fileRef = 11F46303286BC9EA0009EC41 /* AppDelegate.swift */; };
		11F46306286BC9EA0009EC41 /* SceneDelegate.swift in Sources */ = {isa = PBXBuildFile; fileRef = 11F46305286BC9EA0009EC41 /* SceneDelegate.swift */; };
		11F46308286BC9EA0009EC41 /* ViewController.swift in Sources */ = {isa = PBXBuildFile; fileRef = 11F46307286BC9EA0009EC41 /* ViewController.swift */; };
		11F4630B286BC9EA0009EC41 /* Main.storyboard in Resources */ = {isa = PBXBuildFile; fileRef = 11F46309286BC9EA0009EC41 /* Main.storyboard */; };
		11F4630D286BC9EB0009EC41 /* Assets.xcassets in Resources */ = {isa = PBXBuildFile; fileRef = 11F4630C286BC9EB0009EC41 /* Assets.xcassets */; };
		11F46310286BC9EB0009EC41 /* LaunchScreen.storyboard in Resources */ = {isa = PBXBuildFile; fileRef = 11F4630E286BC9EB0009EC41 /* LaunchScreen.storyboard */; };
		11F4631B286BC9EB0009EC41 /* COVID_TrackerTests.swift in Sources */ = {isa = PBXBuildFile; fileRef = 11F4631A286BC9EB0009EC41 /* COVID_TrackerTests.swift */; };
		11F46325286BC9EB0009EC41 /* COVID_TrackerUITests.swift in Sources */ = {isa = PBXBuildFile; fileRef = 11F46324286BC9EB0009EC41 /* COVID_TrackerUITests.swift */; };
		11F46327286BC9EB0009EC41 /* COVID_TrackerUITestsLaunchTests.swift in Sources */ = {isa = PBXBuildFile; fileRef = 11F46326286BC9EB0009EC41 /* COVID_TrackerUITestsLaunchTests.swift */; };
		11F46334286BCB7D0009EC41 /* FilterViewController.swift in Sources */ = {isa = PBXBuildFile; fileRef = 11F46333286BCB7D0009EC41 /* FilterViewController.swift */; };
		11F46336286BCC110009EC41 /* APICaller.swift in Sources */ = {isa = PBXBuildFile; fileRef = 11F46335286BCC110009EC41 /* APICaller.swift */; };
/* End PBXBuildFile section */

/* Begin PBXContainerItemProxy section */
		11F46317286BC9EB0009EC41 /* PBXContainerItemProxy */ = {
			isa = PBXContainerItemProxy;
			containerPortal = 11F462F8286BC9EA0009EC41 /* Project object */;
			proxyType = 1;
			remoteGlobalIDString = 11F462FF286BC9EA0009EC41;
			remoteInfo = "COVID Tracker";
		};
		11F46321286BC9EB0009EC41 /* PBXContainerItemProxy */ = {
			isa = PBXContainerItemProxy;
			containerPortal = 11F462F8286BC9EA0009EC41 /* Project object */;
			proxyType = 1;
			remoteGlobalIDString = 11F462FF286BC9EA0009EC41;
			remoteInfo = "COVID Tracker";
		};
/* End PBXContainerItemProxy section */

/* Begin PBXFileReference section */
		11F46300286BC9EA0009EC41 /* COVID Tracker.app */ = {isa = PBXFileReference; explicitFileType = wrapper.application; includeInIndex = 0; path = "COVID Tracker.app"; sourceTree = BUILT_PRODUCTS_DIR; };
		11F46303286BC9EA0009EC41 /* AppDelegate.swift */ = {isa = PBXFileReference; lastKnownFileType = sourcecode.swift; path = AppDelegate.swift; sourceTree = "<group>"; };
		11F46305286BC9EA0009EC41 /* SceneDelegate.swift */ = {isa = PBXFileReference; lastKnownFileType = sourcecode.swift; path = SceneDelegate.swift; sourceTree = "<group>"; };
		11F46307286BC9EA0009EC41 /* ViewController.swift */ = {isa = PBXFileReference; lastKnownFileType = sourcecode.swift; path = ViewController.swift; sourceTree = "<group>"; };
		11F4630A286BC9EA0009EC41 /* Base */ = {isa = PBXFileReference; lastKnownFileType = file.storyboard; name = Base; path = Base.lproj/Main.storyboard; sourceTree = "<group>"; };
		11F4630C286BC9EB0009EC41 /* Assets.xcassets */ = {isa = PBXFileReference; lastKnownFileType = folder.assetcatalog; path = Assets.xcassets; sourceTree = "<group>"; };
		11F4630F286BC9EB0009EC41 /* Base */ = {isa = PBXFileReference; lastKnownFileType = file.storyboard; name = Base; path = Base.lproj/LaunchScreen.storyboard; sourceTree = "<group>"; };
		11F46311286BC9EB0009EC41 /* Info.plist */ = {isa = PBXFileReference; lastKnownFileType = text.plist.xml; path = Info.plist; sourceTree = "<group>"; };
		11F46316286BC9EB0009EC41 /* COVID TrackerTests.xctest */ = {isa = PBXFileReference; explicitFileType = wrapper.cfbundle; includeInIndex = 0; path = "COVID TrackerTests.xctest"; sourceTree = BUILT_PRODUCTS_DIR; };
		11F4631A286BC9EB0009EC41 /* COVID_TrackerTests.swift */ = {isa = PBXFileReference; lastKnownFileType = sourcecode.swift; path = COVID_TrackerTests.swift; sourceTree = "<group>"; };
		11F46320286BC9EB0009EC41 /* COVID TrackerUITests.xctest */ = {isa = PBXFileReference; explicitFileType = wrapper.cfbundle; includeInIndex = 0; path = "COVID TrackerUITests.xctest"; sourceTree = BUILT_PRODUCTS_DIR; };
		11F46324286BC9EB0009EC41 /* COVID_TrackerUITests.swift */ = {isa = PBXFileReference; lastKnownFileType = sourcecode.swift; path = COVID_TrackerUITests.swift; sourceTree = "<group>"; };
		11F46326286BC9EB0009EC41 /* COVID_TrackerUITestsLaunchTests.swift */ = {isa = PBXFileReference; lastKnownFileType = sourcecode.swift; path = COVID_TrackerUITestsLaunchTests.swift; sourceTree = "<group>"; };
		11F46333286BCB7D0009EC41 /* FilterViewController.swift */ = {isa = PBXFileReference; lastKnownFileType = sourcecode.swift; path = FilterViewController.swift; sourceTree = "<group>"; };
		11F46335286BCC110009EC41 /* APICaller.swift */ = {isa = PBXFileReference; lastKnownFileType = sourcecode.swift; path = APICaller.swift; sourceTree = "<group>"; };
/* End PBXFileReference section */

/* Begin PBXFrameworksBuildPhase section */
		11F462FD286BC9EA0009EC41 /* Frameworks */ = {
			isa = PBXFrameworksBuildPhase;
			buildActionMask = 2147483647;
			files = (
			);
			runOnlyForDeploymentPostprocessing = 0;
		};
		11F46313286BC9EB0009EC41 /* Frameworks */ = {
			isa = PBXFrameworksBuildPhase;
			buildActionMask = 2147483647;
			files = (
			);
			runOnlyForDeploymentPostprocessing = 0;
		};
		11F4631D286BC9EB0009EC41 /* Frameworks */ = {
			isa = PBXFrameworksBuildPhase;
			buildActionMask = 2147483647;
			files = (
			);
			runOnlyForDeploymentPostprocessing = 0;
		};
/* End PBXFrameworksBuildPhase section */

/* Begin PBXGroup section */
		11F462F7286BC9EA0009EC41 = {
			isa = PBXGroup;
			children = (
				11F46335286BCC110009EC41 /* APICaller.swift */,
				11F46333286BCB7D0009EC41 /* FilterViewController.swift */,
				11F46302286BC9EA0009EC41 /* COVID Tracker */,
				11F46319286BC9EB0009EC41 /* COVID TrackerTests */,
				11F46323286BC9EB0009EC41 /* COVID TrackerUITests */,
				11F46301286BC9EA0009EC41 /* Products */,
			);
			sourceTree = "<group>";
		};
		11F46301286BC9EA0009EC41 /* Products */ = {
			isa = PBXGroup;
			children = (
				11F46300286BC9EA0009EC41 /* COVID Tracker.app */,
				11F46316286BC9EB0009EC41 /* COVID TrackerTests.xctest */,
				11F46320286BC9EB0009EC41 /* COVID TrackerUITests.xctest */,
			);
			name = Products;
			sourceTree = "<group>";
		};
		11F46302286BC9EA0009EC41 /* COVID Tracker */ = {
			isa = PBXGroup;
			children = (
				11F46303286BC9EA0009EC41 /* AppDelegate.swift */,
				11F46305286BC9EA0009EC41 /* SceneDelegate.swift */,
				11F46307286BC9EA0009EC41 /* ViewController.swift */,
				11F46309286BC9EA0009EC41 /* Main.storyboard */,
				11F4630C286BC9EB0009EC41 /* Assets.xcassets */,
				11F4630E286BC9EB0009EC41 /* LaunchScreen.storyboard */,
				11F46311286BC9EB0009EC41 /* Info.plist */,
			);
			path = "COVID Tracker";
			sourceTree = "<group>";
		};
		11F46319286BC9EB0009EC41 /* COVID TrackerTests */ = {
			isa = PBXGroup;
			children = (
				11F4631A286BC9EB0009EC41 /* COVID_TrackerTests.swift */,
			);
			path = "COVID TrackerTests";
			sourceTree = "<group>";
		};
		11F46323286BC9EB0009EC41 /* COVID TrackerUITests */ = {
			isa = PBXGroup;
			children = (
				11F46324286BC9EB0009EC41 /* COVID_TrackerUITests.swift */,
				11F46326286BC9EB0009EC41 /* COVID_TrackerUITestsLaunchTests.swift */,
			);
			path = "COVID TrackerUITests";
			sourceTree = "<group>";
		};
/* End PBXGroup section */

/* Begin PBXNativeTarget section */
		11F462FF286BC9EA0009EC41 /* COVID Tracker */ = {
			isa = PBXNativeTarget;
			buildConfigurationList = 11F4632A286BC9EB0009EC41 /* Build configuration list for PBXNativeTarget "COVID Tracker" */;
			buildPhases = (
				11F462FC286BC9EA0009EC41 /* Sources */,
				11F462FD286BC9EA0009EC41 /* Frameworks */,
				11F462FE286BC9EA0009EC41 /* Resources */,
			);
			buildRules = (
			);
			dependencies = (
			);
			name = "COVID Tracker";
			productName = "COVID Tracker";
			productReference = 11F46300286BC9EA0009EC41 /* COVID Tracker.app */;
			productType = "com.apple.product-type.application";
		};
		11F46315286BC9EB0009EC41 /* COVID TrackerTests */ = {
			isa = PBXNativeTarget;
			buildConfigurationList = 11F4632D286BC9EB0009EC41 /* Build configuration list for PBXNativeTarget "COVID TrackerTests" */;
			buildPhases = (
				11F46312286BC9EB0009EC41 /* Sources */,
				11F46313286BC9EB0009EC41 /* Frameworks */,
				11F46314286BC9EB0009EC41 /* Resources */,
			);
			buildRules = (
			);
			dependencies = (
				11F46318286BC9EB0009EC41 /* PBXTargetDependency */,
			);
			name = "COVID TrackerTests";
			productName = "COVID TrackerTests";
			productReference = 11F46316286BC9EB0009EC41 /* COVID TrackerTests.xctest */;
			productType = "com.apple.product-type.bundle.unit-test";
		};
		11F4631F286BC9EB0009EC41 /* COVID TrackerUITests */ = {
			isa = PBXNativeTarget;
			buildConfigurationList = 11F46330286BC9EB0009EC41 /* Build configuration list for PBXNativeTarget "COVID TrackerUITests" */;
			buildPhases = (
				11F4631C286BC9EB0009EC41 /* Sources */,
				11F4631D286BC9EB0009EC41 /* Frameworks */,
				11F4631E286BC9EB0009EC41 /* Resources */,
			);
			buildRules = (
			);
			dependencies = (
				11F46322286BC9EB0009EC41 /* PBXTargetDependency */,
			);
			name = "COVID TrackerUITests";
			productName = "COVID TrackerUITests";
			productReference = 11F46320286BC9EB0009EC41 /* COVID TrackerUITests.xctest */;
			productType = "com.apple.product-type.bundle.ui-testing";
		};
/* End PBXNativeTarget section */

/* Begin PBXProject section */
		11F462F8286BC9EA0009EC41 /* Project object */ = {
			isa = PBXProject;
			attributes = {
				BuildIndependentTargetsInParallel = 1;
				LastSwiftUpdateCheck = 1340;
				LastUpgradeCheck = 1340;
				TargetAttributes = {
					11F462FF286BC9EA0009EC41 = {
						CreatedOnToolsVersion = 13.4.1;
					};
					11F46315286BC9EB0009EC41 = {
						CreatedOnToolsVersion = 13.4.1;
						TestTargetID = 11F462FF286BC9EA0009EC41;
					};
					11F4631F286BC9EB0009EC41 = {
						CreatedOnToolsVersion = 13.4.1;
						TestTargetID = 11F462FF286BC9EA0009EC41;
					};
				};
			};
			buildConfigurationList = 11F462FB286BC9EA0009EC41 /* Build configuration list for PBXProject "COVID Tracker" */;
			compatibilityVersion = "Xcode 13.0";
			developmentRegion = en;
			hasScannedForEncodings = 0;
			knownRegions = (
				en,
				Base,
			);
			mainGroup = 11F462F7286BC9EA0009EC41;
			productRefGroup = 11F46301286BC9EA0009EC41 /* Products */;
			projectDirPath = "";
			projectRoot = "";
			targets = (
				11F462FF286BC9EA0009EC41 /* COVID Tracker */,
				11F46315286BC9EB0009EC41 /* COVID TrackerTests */,
				11F4631F286BC9EB0009EC41 /* COVID TrackerUITests */,
			);
		};
/* End PBXProject section */

/* Begin PBXResourcesBuildPhase section */
		11F462FE286BC9EA0009EC41 /* Resources */ = {
			isa = PBXResourcesBuildPhase;
			buildActionMask = 2147483647;
			files = (
				11F46310286BC9EB0009EC41 /* LaunchScreen.storyboard in Resources */,
				11F4630D286BC9EB0009EC41 /* Assets.xcassets in Resources */,
				11F4630B286BC9EA0009EC41 /* Main.storyboard in Resources */,
			);
			runOnlyForDeploymentPostprocessing = 0;
		};
		11F46314286BC9EB0009EC41 /* Resources */ = {
			isa = PBXResourcesBuildPhase;
			buildActionMask = 2147483647;
			files = (
			);
			runOnlyForDeploymentPostprocessing = 0;
		};
		11F4631E286BC9EB0009EC41 /* Resources */ = {
			isa = PBXResourcesBuildPhase;
			buildActionMask = 2147483647;
			files = (
			);
			runOnlyForDeploymentPostprocessing = 0;
		};
/* End PBXResourcesBuildPhase section */

/* Begin PBXSourcesBuildPhase section */
		11F462FC286BC9EA0009EC41 /* Sources */ = {
			isa = PBXSourcesBuildPhase;
			buildActionMask = 2147483647;
			files = (
				11F46308286BC9EA0009EC41 /* ViewController.swift in Sources */,
				11F46304286BC9EA0009EC41 /* AppDelegate.swift in Sources */,
				11F46334286BCB7D0009EC41 /* FilterViewController.swift in Sources */,
				11F46336286BCC110009EC41 /* APICaller.swift in Sources */,
				11F46306286BC9EA0009EC41 /* SceneDelegate.swift in Sources */,
			);
			runOnlyForDeploymentPostprocessing = 0;
		};
		11F46312286BC9EB0009EC41 /* Sources */ = {
			isa = PBXSourcesBuildPhase;
			buildActionMask = 2147483647;
			files = (
				11F4631B286BC9EB0009EC41 /* COVID_TrackerTests.swift in Sources */,
			);
			runOnlyForDeploymentPostprocessing = 0;
		};
		11F4631C286BC9EB0009EC41 /* Sources */ = {
			isa = PBXSourcesBuildPhase;
			buildActionMask = 2147483647;
			files = (
				11F46325286BC9EB0009EC41 /* COVID_TrackerUITests.swift in Sources */,
				11F46327286BC9EB0009EC41 /* COVID_TrackerUITestsLaunchTests.swift in Sources */,
			);
			runOnlyForDeploymentPostprocessing = 0;
		};
/* End PBXSourcesBuildPhase section */

/* Begin PBXTargetDependency section */
		11F46318286BC9EB0009EC41 /* PBXTargetDependency */ = {
			isa = PBXTargetDependency;
			target = 11F462FF286BC9EA0009EC41 /* COVID Tracker */;
			targetProxy = 11F46317286BC9EB0009EC41 /* PBXContainerItemProxy */;
		};
		11F46322286BC9EB0009EC41 /* PBXTargetDependency */ = {
			isa = PBXTargetDependency;
			target = 11F462FF286BC9EA0009EC41 /* COVID Tracker */;
			targetProxy = 11F46321286BC9EB0009EC41 /* PBXContainerItemProxy */;
		};
/* End PBXTargetDependency section */

/* Begin PBXVariantGroup section */
		11F46309286BC9EA0009EC41 /* Main.storyboard */ = {
			isa = PBXVariantGroup;
			children = (
				11F4630A286BC9EA0009EC41 /* Base */,
			);
			name = Main.storyboard;
			sourceTree = "<group>";
		};
		11F4630E286BC9EB0009EC41 /* LaunchScreen.storyboard */ = {
			isa = PBXVariantGroup;
			children = (
				11F4630F286BC9EB0009EC41 /* Base */,
			);
			name = LaunchScreen.storyboard;
			sourceTree = "<group>";
		};
/* End PBXVariantGroup section */

/* Begin XCBuildConfiguration section */
		11F46328286BC9EB0009EC41 /* Debug */ = {
			isa = XCBuildConfiguration;
			buildSettings = {
				ALWAYS_SEARCH_USER_PATHS = NO;
				CLANG_ANALYZER_NONNULL = YES;
				CLANG_ANALYZER_NUMBER_OBJECT_CONVERSION = YES_AGGRESSIVE;
				CLANG_CXX_LANGUAGE_STANDARD = "gnu++17";
				CLANG_ENABLE_MODULES = YES;
				CLANG_ENABLE_OBJC_ARC = YES;
				CLANG_ENABLE_OBJC_WEAK = YES;
				CLANG_WARN_BLOCK_CAPTURE_AUTORELEASING = YES;
				CLANG_WARN_BOOL_CONVERSION = YES;
				CLANG_WARN_COMMA = YES;
				CLANG_WARN_CONSTANT_CONVERSION = YES;
				CLANG_WARN_DEPRECATED_OBJC_IMPLEMENTATIONS = YES;
				CLANG_WARN_DIRECT_OBJC_ISA_USAGE = YES_ERROR;
				CLANG_WARN_DOCUMENTATION_COMMENTS = YES;
				CLANG_WARN_EMPTY_BODY = YES;
				CLANG_WARN_ENUM_CONVERSION = YES;
				CLANG_WARN_INFINITE_RECURSION = YES;
				CLANG_WARN_INT_CONVERSION = YES;
				CLANG_WARN_NON_LITERAL_NULL_CONVERSION = YES;
				CLANG_WARN_OBJC_IMPLICIT_RETAIN_SELF = YES;
				CLANG_WARN_OBJC_LITERAL_CONVERSION = YES;
				CLANG_WARN_OBJC_ROOT_CLASS = YES_ERROR;
				CLANG_WARN_QUOTED_INCLUDE_IN_FRAMEWORK_HEADER = YES;
				CLANG_WARN_RANGE_LOOP_ANALYSIS = YES;
				CLANG_WARN_STRICT_PROTOTYPES = YES;
				CLANG_WARN_SUSPICIOUS_MOVE = YES;
				CLANG_WARN_UNGUARDED_AVAILABILITY = YES_AGGRESSIVE;
				CLANG_WARN_UNREACHABLE_CODE = YES;
				CLANG_WARN__DUPLICATE_METHOD_MATCH = YES;
				COPY_PHASE_STRIP = NO;
				DEBUG_INFORMATION_FORMAT = dwarf;
				ENABLE_STRICT_OBJC_MSGSEND = YES;
				ENABLE_TESTABILITY = YES;
				GCC_C_LANGUAGE_STANDARD = gnu11;
				GCC_DYNAMIC_NO_PIC = NO;
				GCC_NO_COMMON_BLOCKS = YES;
				GCC_OPTIMIZATION_LEVEL = 0;
				GCC_PREPROCESSOR_DEFINITIONS = (
					"DEBUG=1",
					"$(inherited)",
				);
				GCC_WARN_64_TO_32_BIT_CONVERSION = YES;
				GCC_WARN_ABOUT_RETURN_TYPE = YES_ERROR;
				GCC_WARN_UNDECLARED_SELECTOR = YES;
				GCC_WARN_UNINITIALIZED_AUTOS = YES_AGGRESSIVE;
				GCC_WARN_UNUSED_FUNCTION = YES;
				GCC_WARN_UNUSED_VARIABLE = YES;
				IPHONEOS_DEPLOYMENT_TARGET = 15.5;
				MTL_ENABLE_DEBUG_INFO = INCLUDE_SOURCE;
				MTL_FAST_MATH = YES;
				ONLY_ACTIVE_ARCH = YES;
				SDKROOT = iphoneos;
				SWIFT_ACTIVE_COMPILATION_CONDITIONS = DEBUG;
				SWIFT_OPTIMIZATION_LEVEL = "-Onone";
			};
			name = Debug;
		};
		11F46329286BC9EB0009EC41 /* Release */ = {
			isa = XCBuildConfiguration;
			buildSettings = {
				ALWAYS_SEARCH_USER_PATHS = NO;
				CLANG_ANALYZER_NONNULL = YES;
				CLANG_ANALYZER_NUMBER_OBJECT_CONVERSION = YES_AGGRESSIVE;
				CLANG_CXX_LANGUAGE_STANDARD = "gnu++17";
				CLANG_ENABLE_MODULES = YES;
				CLANG_ENABLE_OBJC_ARC = YES;
				CLANG_ENABLE_OBJC_WEAK = YES;
				CLANG_WARN_BLOCK_CAPTURE_AUTORELEASING = YES;
				CLANG_WARN_BOOL_CONVERSION = YES;
				CLANG_WARN_COMMA = YES;
				CLANG_WARN_CONSTANT_CONVERSION = YES;
				CLANG_WARN_DEPRECATED_OBJC_IMPLEMENTATIONS = YES;
				CLANG_WARN_DIRECT_OBJC_ISA_USAGE = YES_ERROR;
				CLANG_WARN_DOCUMENTATION_COMMENTS = YES;
				CLANG_WARN_EMPTY_BODY = YES;
				CLANG_WARN_ENUM_CONVERSION = YES;
				CLANG_WARN_INFINITE_RECURSION = YES;
				CLANG_WARN_INT_CONVERSION = YES;
				CLANG_WARN_NON_LITERAL_NULL_CONVERSION = YES;
				CLANG_WARN_OBJC_IMPLICIT_RETAIN_SELF = YES;
				CLANG_WARN_OBJC_LITERAL_CONVERSION = YES;
				CLANG_WARN_OBJC_ROOT_CLASS = YES_ERROR;
				CLANG_WARN_QUOTED_INCLUDE_IN_FRAMEWORK_HEADER = YES;
				CLANG_WARN_RANGE_LOOP_ANALYSIS = YES;
				CLANG_WARN_STRICT_PROTOTYPES = YES;
				CLANG_WARN_SUSPICIOUS_MOVE = YES;
				CLANG_WARN_UNGUARDED_AVAILABILITY = YES_AGGRESSIVE;
				CLANG_WARN_UNREACHABLE_CODE = YES;
				CLANG_WARN__DUPLICATE_METHOD_MATCH = YES;
				COPY_PHASE_STRIP = NO;
				DEBUG_INFORMATION_FORMAT = "dwarf-with-dsym";
				ENABLE_NS_ASSERTIONS = NO;
				ENABLE_STRICT_OBJC_MSGSEND = YES;
				GCC_C_LANGUAGE_STANDARD = gnu11;
				GCC_NO_COMMON_BLOCKS = YES;
				GCC_WARN_64_TO_32_BIT_CONVERSION = YES;
				GCC_WARN_ABOUT_RETURN_TYPE = YES_ERROR;
				GCC_WARN_UNDECLARED_SELECTOR = YES;
				GCC_WARN_UNINITIALIZED_AUTOS = YES_AGGRESSIVE;
				GCC_WARN_UNUSED_FUNCTION = YES;
				GCC_WARN_UNUSED_VARIABLE = YES;
				IPHONEOS_DEPLOYMENT_TARGET = 15.5;
				MTL_ENABLE_DEBUG_INFO = NO;
				MTL_FAST_MATH = YES;
				SDKROOT = iphoneos;
				SWIFT_COMPILATION_MODE = wholemodule;
				SWIFT_OPTIMIZATION_LEVEL = "-O";
				VALIDATE_PRODUCT = YES;
			};
			name = Release;
		};
		11F4632B286BC9EB0009EC41 /* Debug */ = {
			isa = XCBuildConfiguration;
			buildSettings = {
				ASSETCATALOG_COMPILER_APPICON_NAME = AppIcon;
				ASSETCATALOG_COMPILER_GLOBAL_ACCENT_COLOR_NAME = AccentColor;
				CODE_SIGN_STYLE = Automatic;
				CURRENT_PROJECT_VERSION = 1;
				DEVELOPMENT_TEAM = DU2WK9P9Q7;
				GENERATE_INFOPLIST_FILE = YES;
				INFOPLIST_FILE = "COVID Tracker/Info.plist";
				INFOPLIST_KEY_UIApplicationSupportsIndirectInputEvents = YES;
				INFOPLIST_KEY_UILaunchStoryboardName = LaunchScreen;
				INFOPLIST_KEY_UIMainStoryboardFile = Main;
				INFOPLIST_KEY_UISupportedInterfaceOrientations_iPad = "UIInterfaceOrientationPortrait UIInterfaceOrientationPortraitUpsideDown UIInterfaceOrientationLandscapeLeft UIInterfaceOrientationLandscapeRight";
				INFOPLIST_KEY_UISupportedInterfaceOrientations_iPhone = "UIInterfaceOrientationPortrait UIInterfaceOrientationLandscapeLeft UIInterfaceOrientationLandscapeRight";
				LD_RUNPATH_SEARCH_PATHS = (
					"$(inherited)",
					"@executable_path/Frameworks",
				);
				MARKETING_VERSION = 1.0;
				PRODUCT_BUNDLE_IDENTIFIER = "com.pitggy.COVID-Tracker";
				PRODUCT_NAME = "$(TARGET_NAME)";
				SWIFT_EMIT_LOC_STRINGS = YES;
				SWIFT_VERSION = 5.0;
				TARGETED_DEVICE_FAMILY = "1,2";
			};
			name = Debug;
		};
		11F4632C286BC9EB0009EC41 /* Release */ = {
			isa = XCBuildConfiguration;
			buildSettings = {
				ASSETCATALOG_COMPILER_APPICON_NAME = AppIcon;
				ASSETCATALOG_COMPILER_GLOBAL_ACCENT_COLOR_NAME = AccentColor;
				CODE_SIGN_STYLE = Automatic;
				CURRENT_PROJECT_VERSION = 1;
				DEVELOPMENT_TEAM = DU2WK9P9Q7;
				GENERATE_INFOPLIST_FILE = YES;
				INFOPLIST_FILE = "COVID Tracker/Info.plist";
				INFOPLIST_KEY_UIApplicationSupportsIndirectInputEvents = YES;
				INFOPLIST_KEY_UILaunchStoryboardName = LaunchScreen;
				INFOPLIST_KEY_UIMainStoryboardFile = Main;
				INFOPLIST_KEY_UISupportedInterfaceOrientations_iPad = "UIInterfaceOrientationPortrait UIInterfaceOrientationPortraitUpsideDown UIInterfaceOrientationLandscapeLeft UIInterfaceOrientationLandscapeRight";
				INFOPLIST_KEY_UISupportedInterfaceOrientations_iPhone = "UIInterfaceOrientationPortrait UIInterfaceOrientationLandscapeLeft UIInterfaceOrientationLandscapeRight";
				LD_RUNPATH_SEARCH_PATHS = (
					"$(inherited)",
					"@executable_path/Frameworks",
				);
				MARKETING_VERSION = 1.0;
				PRODUCT_BUNDLE_IDENTIFIER = "com.pitggy.COVID-Tracker";
				PRODUCT_NAME = "$(TARGET_NAME)";
				SWIFT_EMIT_LOC_STRINGS = YES;
				SWIFT_VERSION = 5.0;
				TARGETED_DEVICE_FAMILY = "1,2";
			};
			name = Release;
		};
		11F4632E286BC9EB0009EC41 /* Debug */ = {
			isa = XCBuildConfiguration;
			buildSettings = {
				ALWAYS_EMBED_SWIFT_STANDARD_LIBRARIES = YES;
				BUNDLE_LOADER = "$(TEST_HOST)";
				CODE_SIGN_STYLE = Automatic;
				CURRENT_PROJECT_VERSION = 1;
				DEVELOPMENT_TEAM = DU2WK9P9Q7;
				GENERATE_INFOPLIST_FILE = YES;
				IPHONEOS_DEPLOYMENT_TARGET = 15.5;
				MARKETING_VERSION = 1.0;
				PRODUCT_BUNDLE_IDENTIFIER = "com.pitggy.COVID-TrackerTests";
				PRODUCT_NAME = "$(TARGET_NAME)";
				SWIFT_EMIT_LOC_STRINGS = NO;
				SWIFT_VERSION = 5.0;
				TARGETED_DEVICE_FAMILY = "1,2";
				TEST_HOST = "$(BUILT_PRODUCTS_DIR)/COVID Tracker.app/COVID Tracker";
			};
			name = Debug;
		};
		11F4632F286BC9EB0009EC41 /* Release */ = {
			isa = XCBuildConfiguration;
			buildSettings = {
				ALWAYS_EMBED_SWIFT_STANDARD_LIBRARIES = YES;
				BUNDLE_LOADER = "$(TEST_HOST)";
				CODE_SIGN_STYLE = Automatic;
				CURRENT_PROJECT_VERSION = 1;
				DEVELOPMENT_TEAM = DU2WK9P9Q7;
				GENERATE_INFOPLIST_FILE = YES;
				IPHONEOS_DEPLOYMENT_TARGET = 15.5;
				MARKETING_VERSION = 1.0;
				PRODUCT_BUNDLE_IDENTIFIER = "com.pitggy.COVID-TrackerTests";
				PRODUCT_NAME = "$(TARGET_NAME)";
				SWIFT_EMIT_LOC_STRINGS = NO;
				SWIFT_VERSION = 5.0;
				TARGETED_DEVICE_FAMILY = "1,2";
				TEST_HOST = "$(BUILT_PRODUCTS_DIR)/COVID Tracker.app/COVID Tracker";
			};
			name = Release;
		};
		11F46331286BC9EB0009EC41 /* Debug */ = {
			isa = XCBuildConfiguration;
			buildSettings = {
				ALWAYS_EMBED_SWIFT_STANDARD_LIBRARIES = YES;
				CODE_SIGN_STYLE = Automatic;
				CURRENT_PROJECT_VERSION = 1;
				DEVELOPMENT_TEAM = DU2WK9P9Q7;
				GENERATE_INFOPLIST_FILE = YES;
				MARKETING_VERSION = 1.0;
				PRODUCT_BUNDLE_IDENTIFIER = "com.pitggy.COVID-TrackerUITests";
				PRODUCT_NAME = "$(TARGET_NAME)";
				SWIFT_EMIT_LOC_STRINGS = NO;
				SWIFT_VERSION = 5.0;
				TARGETED_DEVICE_FAMILY = "1,2";
				TEST_TARGET_NAME = "COVID Tracker";
			};
			name = Debug;
		};
		11F46332286BC9EB0009EC41 /* Release */ = {
			isa = XCBuildConfiguration;
			buildSettings = {
				ALWAYS_EMBED_SWIFT_STANDARD_LIBRARIES = YES;
				CODE_SIGN_STYLE = Automatic;
				CURRENT_PROJECT_VERSION = 1;
				DEVELOPMENT_TEAM = DU2WK9P9Q7;
				GENERATE_INFOPLIST_FILE = YES;
				MARKETING_VERSION = 1.0;
				PRODUCT_BUNDLE_IDENTIFIER = "com.pitggy.COVID-TrackerUITests";
				PRODUCT_NAME = "$(TARGET_NAME)";
				SWIFT_EMIT_LOC_STRINGS = NO;
				SWIFT_VERSION = 5.0;
				TARGETED_DEVICE_FAMILY = "1,2";
				TEST_TARGET_NAME = "COVID Tracker";
			};
			name = Release;
		};
/* End XCBuildConfiguration section */

/* Begin XCConfigurationList section */
		11F462FB286BC9EA0009EC41 /* Build configuration list for PBXProject "COVID Tracker" */ = {
			isa = XCConfigurationList;
			buildConfigurations = (
				11F46328286BC9EB0009EC41 /* Debug */,
				11F46329286BC9EB0009EC41 /* Release */,
			);
			defaultConfigurationIsVisible = 0;
			defaultConfigurationName = Release;
		};
		11F4632A286BC9EB0009EC41 /* Build configuration list for PBXNativeTarget "COVID Tracker" */ = {
			isa = XCConfigurationList;
			buildConfigurations = (
				11F4632B286BC9EB0009EC41 /* Debug */,
				11F4632C286BC9EB0009EC41 /* Release */,
			);
			defaultConfigurationIsVisible = 0;
			defaultConfigurationName = Release;
		};
		11F4632D286BC9EB0009EC41 /* Build configuration list for PBXNativeTarget "COVID TrackerTests" */ = {
			isa = XCConfigurationList;
			buildConfigurations = (
				11F4632E286BC9EB0009EC41 /* Debug */,
				11F4632F286BC9EB0009EC41 /* Release */,
			);
			defaultConfigurationIsVisible = 0;
			defaultConfigurationName = Release;
		};
		11F46330286BC9EB0009EC41 /* Build configuration list for PBXNativeTarget "COVID TrackerUITests" */ = {
			isa = XCConfigurationList;
			buildConfigurations = (
				11F46331286BC9EB0009EC41 /* Debug */,
				11F46332286BC9EB0009EC41 /* Release */,
			);
			defaultConfigurationIsVisible = 0;
			defaultConfigurationName = Release;
		};
/* End XCConfigurationList section */
	};
	rootObject = 11F462F8286BC9EA0009EC41 /* Project object */;
}
