// !$*UTF8*$!
{
	archiveVersion = 1;
	classes = {
	};
	objectVersion = 55;
	objects = {

/* Begin PBXBuildFile section */
		1119A585285EED360016B62A /* AppDelegate.swift in Sources */ = {isa = PBXBuildFile; fileRef = 1119A584285EED360016B62A /* AppDelegate.swift */; };
		1119A587285EED360016B62A /* SceneDelegate.swift in Sources */ = {isa = PBXBuildFile; fileRef = 1119A586285EED360016B62A /* SceneDelegate.swift */; };
		1119A589285EED360016B62A /* ViewController.swift in Sources */ = {isa = PBXBuildFile; fileRef = 1119A588285EED360016B62A /* ViewController.swift */; };
		1119A58C285EED360016B62A /* Main.storyboard in Resources */ = {isa = PBXBuildFile; fileRef = 1119A58A285EED360016B62A /* Main.storyboard */; };
		1119A58E285EED360016B62A /* Assets.xcassets in Resources */ = {isa = PBXBuildFile; fileRef = 1119A58D285EED360016B62A /* Assets.xcassets */; };
		1119A591285EED360016B62A /* LaunchScreen.storyboard in Resources */ = {isa = PBXBuildFile; fileRef = 1119A58F285EED360016B62A /* LaunchScreen.storyboard */; };
		1119A59C285EED360016B62A /* TODO_LIST_APPTests.swift in Sources */ = {isa = PBXBuildFile; fileRef = 1119A59B285EED360016B62A /* TODO_LIST_APPTests.swift */; };
		1119A5A6285EED360016B62A /* TODO_LIST_APPUITests.swift in Sources */ = {isa = PBXBuildFile; fileRef = 1119A5A5285EED360016B62A /* TODO_LIST_APPUITests.swift */; };
		1119A5A8285EED360016B62A /* TODO_LIST_APPUITestsLaunchTests.swift in Sources */ = {isa = PBXBuildFile; fileRef = 1119A5A7285EED360016B62A /* TODO_LIST_APPUITestsLaunchTests.swift */; };
		1119A5B5285EFEA50016B62A /* EntryViewController.swift in Sources */ = {isa = PBXBuildFile; fileRef = 1119A5B4285EFEA50016B62A /* EntryViewController.swift */; };
		1119A5B7285EFEBC0016B62A /* TaskViewController.swift in Sources */ = {isa = PBXBuildFile; fileRef = 1119A5B6285EFEBC0016B62A /* TaskViewController.swift */; };
/* End PBXBuildFile section */

/* Begin PBXContainerItemProxy section */
		1119A598285EED360016B62A /* PBXContainerItemProxy */ = {
			isa = PBXContainerItemProxy;
			containerPortal = 1119A579285EED360016B62A /* Project object */;
			proxyType = 1;
			remoteGlobalIDString = 1119A580285EED360016B62A;
			remoteInfo = "TODO LIST APP";
		};
		1119A5A2285EED360016B62A /* PBXContainerItemProxy */ = {
			isa = PBXContainerItemProxy;
			containerPortal = 1119A579285EED360016B62A /* Project object */;
			proxyType = 1;
			remoteGlobalIDString = 1119A580285EED360016B62A;
			remoteInfo = "TODO LIST APP";
		};
/* End PBXContainerItemProxy section */

/* Begin PBXFileReference section */
		1119A581285EED360016B62A /* TODO LIST APP.app */ = {isa = PBXFileReference; explicitFileType = wrapper.application; includeInIndex = 0; path = "TODO LIST APP.app"; sourceTree = BUILT_PRODUCTS_DIR; };
		1119A584285EED360016B62A /* AppDelegate.swift */ = {isa = PBXFileReference; lastKnownFileType = sourcecode.swift; path = AppDelegate.swift; sourceTree = "<group>"; };
		1119A586285EED360016B62A /* SceneDelegate.swift */ = {isa = PBXFileReference; lastKnownFileType = sourcecode.swift; path = SceneDelegate.swift; sourceTree = "<group>"; };
		1119A588285EED360016B62A /* ViewController.swift */ = {isa = PBXFileReference; lastKnownFileType = sourcecode.swift; path = ViewController.swift; sourceTree = "<group>"; };
		1119A58B285EED360016B62A /* Base */ = {isa = PBXFileReference; lastKnownFileType = file.storyboard; name = Base; path = Base.lproj/Main.storyboard; sourceTree = "<group>"; };
		1119A58D285EED360016B62A /* Assets.xcassets */ = {isa = PBXFileReference; lastKnownFileType = folder.assetcatalog; path = Assets.xcassets; sourceTree = "<group>"; };
		1119A590285EED360016B62A /* Base */ = {isa = PBXFileReference; lastKnownFileType = file.storyboard; name = Base; path = Base.lproj/LaunchScreen.storyboard; sourceTree = "<group>"; };
		1119A592285EED360016B62A /* Info.plist */ = {isa = PBXFileReference; lastKnownFileType = text.plist.xml; path = Info.plist; sourceTree = "<group>"; };
		1119A597285EED360016B62A /* TODO LIST APPTests.xctest */ = {isa = PBXFileReference; explicitFileType = wrapper.cfbundle; includeInIndex = 0; path = "TODO LIST APPTests.xctest"; sourceTree = BUILT_PRODUCTS_DIR; };
		1119A59B285EED360016B62A /* TODO_LIST_APPTests.swift */ = {isa = PBXFileReference; lastKnownFileType = sourcecode.swift; path = TODO_LIST_APPTests.swift; sourceTree = "<group>"; };
		1119A5A1285EED360016B62A /* TODO LIST APPUITests.xctest */ = {isa = PBXFileReference; explicitFileType = wrapper.cfbundle; includeInIndex = 0; path = "TODO LIST APPUITests.xctest"; sourceTree = BUILT_PRODUCTS_DIR; };
		1119A5A5285EED360016B62A /* TODO_LIST_APPUITests.swift */ = {isa = PBXFileReference; lastKnownFileType = sourcecode.swift; path = TODO_LIST_APPUITests.swift; sourceTree = "<group>"; };
		1119A5A7285EED360016B62A /* TODO_LIST_APPUITestsLaunchTests.swift */ = {isa = PBXFileReference; lastKnownFileType = sourcecode.swift; path = TODO_LIST_APPUITestsLaunchTests.swift; sourceTree = "<group>"; };
		1119A5B4285EFEA50016B62A /* EntryViewController.swift */ = {isa = PBXFileReference; lastKnownFileType = sourcecode.swift; path = EntryViewController.swift; sourceTree = "<group>"; };
		1119A5B6285EFEBC0016B62A /* TaskViewController.swift */ = {isa = PBXFileReference; lastKnownFileType = sourcecode.swift; path = TaskViewController.swift; sourceTree = "<group>"; };
/* End PBXFileReference section */

/* Begin PBXFrameworksBuildPhase section */
		1119A57E285EED360016B62A /* Frameworks */ = {
			isa = PBXFrameworksBuildPhase;
			buildActionMask = 2147483647;
			files = (
			);
			runOnlyForDeploymentPostprocessing = 0;
		};
		1119A594285EED360016B62A /* Frameworks */ = {
			isa = PBXFrameworksBuildPhase;
			buildActionMask = 2147483647;
			files = (
			);
			runOnlyForDeploymentPostprocessing = 0;
		};
		1119A59E285EED360016B62A /* Frameworks */ = {
			isa = PBXFrameworksBuildPhase;
			buildActionMask = 2147483647;
			files = (
			);
			runOnlyForDeploymentPostprocessing = 0;
		};
/* End PBXFrameworksBuildPhase section */

/* Begin PBXGroup section */
		1119A578285EED360016B62A = {
			isa = PBXGroup;
			children = (
				1119A583285EED360016B62A /* TODO LIST APP */,
				1119A59A285EED360016B62A /* TODO LIST APPTests */,
				1119A5A4285EED360016B62A /* TODO LIST APPUITests */,
				1119A582285EED360016B62A /* Products */,
			);
			sourceTree = "<group>";
		};
		1119A582285EED360016B62A /* Products */ = {
			isa = PBXGroup;
			children = (
				1119A581285EED360016B62A /* TODO LIST APP.app */,
				1119A597285EED360016B62A /* TODO LIST APPTests.xctest */,
				1119A5A1285EED360016B62A /* TODO LIST APPUITests.xctest */,
			);
			name = Products;
			sourceTree = "<group>";
		};
		1119A583285EED360016B62A /* TODO LIST APP */ = {
			isa = PBXGroup;
			children = (
				1119A584285EED360016B62A /* AppDelegate.swift */,
				1119A586285EED360016B62A /* SceneDelegate.swift */,
				1119A588285EED360016B62A /* ViewController.swift */,
				1119A58A285EED360016B62A /* Main.storyboard */,
				1119A58D285EED360016B62A /* Assets.xcassets */,
				1119A58F285EED360016B62A /* LaunchScreen.storyboard */,
				1119A592285EED360016B62A /* Info.plist */,
				1119A5B4285EFEA50016B62A /* EntryViewController.swift */,
				1119A5B6285EFEBC0016B62A /* TaskViewController.swift */,
			);
			path = "TODO LIST APP";
			sourceTree = "<group>";
		};
		1119A59A285EED360016B62A /* TODO LIST APPTests */ = {
			isa = PBXGroup;
			children = (
				1119A59B285EED360016B62A /* TODO_LIST_APPTests.swift */,
			);
			path = "TODO LIST APPTests";
			sourceTree = "<group>";
		};
		1119A5A4285EED360016B62A /* TODO LIST APPUITests */ = {
			isa = PBXGroup;
			children = (
				1119A5A5285EED360016B62A /* TODO_LIST_APPUITests.swift */,
				1119A5A7285EED360016B62A /* TODO_LIST_APPUITestsLaunchTests.swift */,
			);
			path = "TODO LIST APPUITests";
			sourceTree = "<group>";
		};
/* End PBXGroup section */

/* Begin PBXNativeTarget section */
		1119A580285EED360016B62A /* TODO LIST APP */ = {
			isa = PBXNativeTarget;
			buildConfigurationList = 1119A5AB285EED360016B62A /* Build configuration list for PBXNativeTarget "TODO LIST APP" */;
			buildPhases = (
				1119A57D285EED360016B62A /* Sources */,
				1119A57E285EED360016B62A /* Frameworks */,
				1119A57F285EED360016B62A /* Resources */,
			);
			buildRules = (
			);
			dependencies = (
			);
			name = "TODO LIST APP";
			productName = "TODO LIST APP";
			productReference = 1119A581285EED360016B62A /* TODO LIST APP.app */;
			productType = "com.apple.product-type.application";
		};
		1119A596285EED360016B62A /* TODO LIST APPTests */ = {
			isa = PBXNativeTarget;
			buildConfigurationList = 1119A5AE285EED360016B62A /* Build configuration list for PBXNativeTarget "TODO LIST APPTests" */;
			buildPhases = (
				1119A593285EED360016B62A /* Sources */,
				1119A594285EED360016B62A /* Frameworks */,
				1119A595285EED360016B62A /* Resources */,
			);
			buildRules = (
			);
			dependencies = (
				1119A599285EED360016B62A /* PBXTargetDependency */,
			);
			name = "TODO LIST APPTests";
			productName = "TODO LIST APPTests";
			productReference = 1119A597285EED360016B62A /* TODO LIST APPTests.xctest */;
			productType = "com.apple.product-type.bundle.unit-test";
		};
		1119A5A0285EED360016B62A /* TODO LIST APPUITests */ = {
			isa = PBXNativeTarget;
			buildConfigurationList = 1119A5B1285EED360016B62A /* Build configuration list for PBXNativeTarget "TODO LIST APPUITests" */;
			buildPhases = (
				1119A59D285EED360016B62A /* Sources */,
				1119A59E285EED360016B62A /* Frameworks */,
				1119A59F285EED360016B62A /* Resources */,
			);
			buildRules = (
			);
			dependencies = (
				1119A5A3285EED360016B62A /* PBXTargetDependency */,
			);
			name = "TODO LIST APPUITests";
			productName = "TODO LIST APPUITests";
			productReference = 1119A5A1285EED360016B62A /* TODO LIST APPUITests.xctest */;
			productType = "com.apple.product-type.bundle.ui-testing";
		};
/* End PBXNativeTarget section */

/* Begin PBXProject section */
		1119A579285EED360016B62A /* Project object */ = {
			isa = PBXProject;
			attributes = {
				BuildIndependentTargetsInParallel = 1;
				LastSwiftUpdateCheck = 1340;
				LastUpgradeCheck = 1340;
				TargetAttributes = {
					1119A580285EED360016B62A = {
						CreatedOnToolsVersion = 13.4.1;
					};
					1119A596285EED360016B62A = {
						CreatedOnToolsVersion = 13.4.1;
						TestTargetID = 1119A580285EED360016B62A;
					};
					1119A5A0285EED360016B62A = {
						CreatedOnToolsVersion = 13.4.1;
						TestTargetID = 1119A580285EED360016B62A;
					};
				};
			};
			buildConfigurationList = 1119A57C285EED360016B62A /* Build configuration list for PBXProject "TODO LIST APP" */;
			compatibilityVersion = "Xcode 13.0";
			developmentRegion = en;
			hasScannedForEncodings = 0;
			knownRegions = (
				en,
				Base,
			);
			mainGroup = 1119A578285EED360016B62A;
			productRefGroup = 1119A582285EED360016B62A /* Products */;
			projectDirPath = "";
			projectRoot = "";
			targets = (
				1119A580285EED360016B62A /* TODO LIST APP */,
				1119A596285EED360016B62A /* TODO LIST APPTests */,
				1119A5A0285EED360016B62A /* TODO LIST APPUITests */,
			);
		};
/* End PBXProject section */

/* Begin PBXResourcesBuildPhase section */
		1119A57F285EED360016B62A /* Resources */ = {
			isa = PBXResourcesBuildPhase;
			buildActionMask = 2147483647;
			files = (
				1119A591285EED360016B62A /* LaunchScreen.storyboard in Resources */,
				1119A58E285EED360016B62A /* Assets.xcassets in Resources */,
				1119A58C285EED360016B62A /* Main.storyboard in Resources */,
			);
			runOnlyForDeploymentPostprocessing = 0;
		};
		1119A595285EED360016B62A /* Resources */ = {
			isa = PBXResourcesBuildPhase;
			buildActionMask = 2147483647;
			files = (
			);
			runOnlyForDeploymentPostprocessing = 0;
		};
		1119A59F285EED360016B62A /* Resources */ = {
			isa = PBXResourcesBuildPhase;
			buildActionMask = 2147483647;
			files = (
			);
			runOnlyForDeploymentPostprocessing = 0;
		};
/* End PBXResourcesBuildPhase section */

/* Begin PBXSourcesBuildPhase section */
		1119A57D285EED360016B62A /* Sources */ = {
			isa = PBXSourcesBuildPhase;
			buildActionMask = 2147483647;
			files = (
				1119A589285EED360016B62A /* ViewController.swift in Sources */,
				1119A5B5285EFEA50016B62A /* EntryViewController.swift in Sources */,
				1119A5B7285EFEBC0016B62A /* TaskViewController.swift in Sources */,
				1119A585285EED360016B62A /* AppDelegate.swift in Sources */,
				1119A587285EED360016B62A /* SceneDelegate.swift in Sources */,
			);
			runOnlyForDeploymentPostprocessing = 0;
		};
		1119A593285EED360016B62A /* Sources */ = {
			isa = PBXSourcesBuildPhase;
			buildActionMask = 2147483647;
			files = (
				1119A59C285EED360016B62A /* TODO_LIST_APPTests.swift in Sources */,
			);
			runOnlyForDeploymentPostprocessing = 0;
		};
		1119A59D285EED360016B62A /* Sources */ = {
			isa = PBXSourcesBuildPhase;
			buildActionMask = 2147483647;
			files = (
				1119A5A8285EED360016B62A /* TODO_LIST_APPUITestsLaunchTests.swift in Sources */,
				1119A5A6285EED360016B62A /* TODO_LIST_APPUITests.swift in Sources */,
			);
			runOnlyForDeploymentPostprocessing = 0;
		};
/* End PBXSourcesBuildPhase section */

/* Begin PBXTargetDependency section */
		1119A599285EED360016B62A /* PBXTargetDependency */ = {
			isa = PBXTargetDependency;
			target = 1119A580285EED360016B62A /* TODO LIST APP */;
			targetProxy = 1119A598285EED360016B62A /* PBXContainerItemProxy */;
		};
		1119A5A3285EED360016B62A /* PBXTargetDependency */ = {
			isa = PBXTargetDependency;
			target = 1119A580285EED360016B62A /* TODO LIST APP */;
			targetProxy = 1119A5A2285EED360016B62A /* PBXContainerItemProxy */;
		};
/* End PBXTargetDependency section */

/* Begin PBXVariantGroup section */
		1119A58A285EED360016B62A /* Main.storyboard */ = {
			isa = PBXVariantGroup;
			children = (
				1119A58B285EED360016B62A /* Base */,
			);
			name = Main.storyboard;
			sourceTree = "<group>";
		};
		1119A58F285EED360016B62A /* LaunchScreen.storyboard */ = {
			isa = PBXVariantGroup;
			children = (
				1119A590285EED360016B62A /* Base */,
			);
			name = LaunchScreen.storyboard;
			sourceTree = "<group>";
		};
/* End PBXVariantGroup section */

/* Begin XCBuildConfiguration section */
		1119A5A9285EED360016B62A /* Debug */ = {
			isa = XCBuildConfiguration;
			buildSettings = {
				ALWAYS_SEARCH_USER_PATHS = NO;
				CLANG_ANALYZER_NONNULL = YES;
				CLANG_ANALYZER_NUMBER_OBJECT_CONVERSION = YES_AGGRESSIVE;
				CLANG_CXX_LANGUAGE_STANDARD = "gnu++17";
				CLANG_ENABLE_MODULES = YES;
				CLANG_ENABLE_OBJC_ARC = YES;
				CLANG_ENABLE_OBJC_WEAK = YES;
				CLANG_WARN_BLOCK_CAPTURE_AUTORELEASING = YES;
				CLANG_WARN_BOOL_CONVERSION = YES;
				CLANG_WARN_COMMA = YES;
				CLANG_WARN_CONSTANT_CONVERSION = YES;
				CLANG_WARN_DEPRECATED_OBJC_IMPLEMENTATIONS = YES;
				CLANG_WARN_DIRECT_OBJC_ISA_USAGE = YES_ERROR;
				CLANG_WARN_DOCUMENTATION_COMMENTS = YES;
				CLANG_WARN_EMPTY_BODY = YES;
				CLANG_WARN_ENUM_CONVERSION = YES;
				CLANG_WARN_INFINITE_RECURSION = YES;
				CLANG_WARN_INT_CONVERSION = YES;
				CLANG_WARN_NON_LITERAL_NULL_CONVERSION = YES;
				CLANG_WARN_OBJC_IMPLICIT_RETAIN_SELF = YES;
				CLANG_WARN_OBJC_LITERAL_CONVERSION = YES;
				CLANG_WARN_OBJC_ROOT_CLASS = YES_ERROR;
				CLANG_WARN_QUOTED_INCLUDE_IN_FRAMEWORK_HEADER = YES;
				CLANG_WARN_RANGE_LOOP_ANALYSIS = YES;
				CLANG_WARN_STRICT_PROTOTYPES = YES;
				CLANG_WARN_SUSPICIOUS_MOVE = YES;
				CLANG_WARN_UNGUARDED_AVAILABILITY = YES_AGGRESSIVE;
				CLANG_WARN_UNREACHABLE_CODE = YES;
				CLANG_WARN__DUPLICATE_METHOD_MATCH = YES;
				COPY_PHASE_STRIP = NO;
				DEBUG_INFORMATION_FORMAT = dwarf;
				ENABLE_STRICT_OBJC_MSGSEND = YES;
				ENABLE_TESTABILITY = YES;
				GCC_C_LANGUAGE_STANDARD = gnu11;
				GCC_DYNAMIC_NO_PIC = NO;
				GCC_NO_COMMON_BLOCKS = YES;
				GCC_OPTIMIZATION_LEVEL = 0;
				GCC_PREPROCESSOR_DEFINITIONS = (
					"DEBUG=1",
					"$(inherited)",
				);
				GCC_WARN_64_TO_32_BIT_CONVERSION = YES;
				GCC_WARN_ABOUT_RETURN_TYPE = YES_ERROR;
				GCC_WARN_UNDECLARED_SELECTOR = YES;
				GCC_WARN_UNINITIALIZED_AUTOS = YES_AGGRESSIVE;
				GCC_WARN_UNUSED_FUNCTION = YES;
				GCC_WARN_UNUSED_VARIABLE = YES;
				IPHONEOS_DEPLOYMENT_TARGET = 15.5;
				MTL_ENABLE_DEBUG_INFO = INCLUDE_SOURCE;
				MTL_FAST_MATH = YES;
				ONLY_ACTIVE_ARCH = YES;
				SDKROOT = iphoneos;
				SWIFT_ACTIVE_COMPILATION_CONDITIONS = DEBUG;
				SWIFT_OPTIMIZATION_LEVEL = "-Onone";
			};
			name = Debug;
		};
		1119A5AA285EED360016B62A /* Release */ = {
			isa = XCBuildConfiguration;
			buildSettings = {
				ALWAYS_SEARCH_USER_PATHS = NO;
				CLANG_ANALYZER_NONNULL = YES;
				CLANG_ANALYZER_NUMBER_OBJECT_CONVERSION = YES_AGGRESSIVE;
				CLANG_CXX_LANGUAGE_STANDARD = "gnu++17";
				CLANG_ENABLE_MODULES = YES;
				CLANG_ENABLE_OBJC_ARC = YES;
				CLANG_ENABLE_OBJC_WEAK = YES;
				CLANG_WARN_BLOCK_CAPTURE_AUTORELEASING = YES;
				CLANG_WARN_BOOL_CONVERSION = YES;
				CLANG_WARN_COMMA = YES;
				CLANG_WARN_CONSTANT_CONVERSION = YES;
				CLANG_WARN_DEPRECATED_OBJC_IMPLEMENTATIONS = YES;
				CLANG_WARN_DIRECT_OBJC_ISA_USAGE = YES_ERROR;
				CLANG_WARN_DOCUMENTATION_COMMENTS = YES;
				CLANG_WARN_EMPTY_BODY = YES;
				CLANG_WARN_ENUM_CONVERSION = YES;
				CLANG_WARN_INFINITE_RECURSION = YES;
				CLANG_WARN_INT_CONVERSION = YES;
				CLANG_WARN_NON_LITERAL_NULL_CONVERSION = YES;
				CLANG_WARN_OBJC_IMPLICIT_RETAIN_SELF = YES;
				CLANG_WARN_OBJC_LITERAL_CONVERSION = YES;
				CLANG_WARN_OBJC_ROOT_CLASS = YES_ERROR;
				CLANG_WARN_QUOTED_INCLUDE_IN_FRAMEWORK_HEADER = YES;
				CLANG_WARN_RANGE_LOOP_ANALYSIS = YES;
				CLANG_WARN_STRICT_PROTOTYPES = YES;
				CLANG_WARN_SUSPICIOUS_MOVE = YES;
				CLANG_WARN_UNGUARDED_AVAILABILITY = YES_AGGRESSIVE;
				CLANG_WARN_UNREACHABLE_CODE = YES;
				CLANG_WARN__DUPLICATE_METHOD_MATCH = YES;
				COPY_PHASE_STRIP = NO;
				DEBUG_INFORMATION_FORMAT = "dwarf-with-dsym";
				ENABLE_NS_ASSERTIONS = NO;
				ENABLE_STRICT_OBJC_MSGSEND = YES;
				GCC_C_LANGUAGE_STANDARD = gnu11;
				GCC_NO_COMMON_BLOCKS = YES;
				GCC_WARN_64_TO_32_BIT_CONVERSION = YES;
				GCC_WARN_ABOUT_RETURN_TYPE = YES_ERROR;
				GCC_WARN_UNDECLARED_SELECTOR = YES;
				GCC_WARN_UNINITIALIZED_AUTOS = YES_AGGRESSIVE;
				GCC_WARN_UNUSED_FUNCTION = YES;
				GCC_WARN_UNUSED_VARIABLE = YES;
				IPHONEOS_DEPLOYMENT_TARGET = 15.5;
				MTL_ENABLE_DEBUG_INFO = NO;
				MTL_FAST_MATH = YES;
				SDKROOT = iphoneos;
				SWIFT_COMPILATION_MODE = wholemodule;
				SWIFT_OPTIMIZATION_LEVEL = "-O";
				VALIDATE_PRODUCT = YES;
			};
			name = Release;
		};
		1119A5AC285EED360016B62A /* Debug */ = {
			isa = XCBuildConfiguration;
			buildSettings = {
				ASSETCATALOG_COMPILER_APPICON_NAME = AppIcon;
				ASSETCATALOG_COMPILER_GLOBAL_ACCENT_COLOR_NAME = AccentColor;
				CODE_SIGN_STYLE = Automatic;
				CURRENT_PROJECT_VERSION = 1;
				DEVELOPMENT_TEAM = DU2WK9P9Q7;
				GENERATE_INFOPLIST_FILE = YES;
				INFOPLIST_FILE = "TODO LIST APP/Info.plist";
				INFOPLIST_KEY_UIApplicationSupportsIndirectInputEvents = YES;
				INFOPLIST_KEY_UILaunchStoryboardName = LaunchScreen;
				INFOPLIST_KEY_UIMainStoryboardFile = Main;
				INFOPLIST_KEY_UISupportedInterfaceOrientations_iPad = "UIInterfaceOrientationPortrait UIInterfaceOrientationPortraitUpsideDown UIInterfaceOrientationLandscapeLeft UIInterfaceOrientationLandscapeRight";
				INFOPLIST_KEY_UISupportedInterfaceOrientations_iPhone = "UIInterfaceOrientationPortrait UIInterfaceOrientationLandscapeLeft UIInterfaceOrientationLandscapeRight";
				LD_RUNPATH_SEARCH_PATHS = (
					"$(inherited)",
					"@executable_path/Frameworks",
				);
				MARKETING_VERSION = 1.0;
				PRODUCT_BUNDLE_IDENTIFIER = "com.pitggy.TODO-LIST-APP";
				PRODUCT_NAME = "$(TARGET_NAME)";
				SWIFT_EMIT_LOC_STRINGS = YES;
				SWIFT_VERSION = 5.0;
				TARGETED_DEVICE_FAMILY = "1,2";
			};
			name = Debug;
		};
		1119A5AD285EED360016B62A /* Release */ = {
			isa = XCBuildConfiguration;
			buildSettings = {
				ASSETCATALOG_COMPILER_APPICON_NAME = AppIcon;
				ASSETCATALOG_COMPILER_GLOBAL_ACCENT_COLOR_NAME = AccentColor;
				CODE_SIGN_STYLE = Automatic;
				CURRENT_PROJECT_VERSION = 1;
				DEVELOPMENT_TEAM = DU2WK9P9Q7;
				GENERATE_INFOPLIST_FILE = YES;
				INFOPLIST_FILE = "TODO LIST APP/Info.plist";
				INFOPLIST_KEY_UIApplicationSupportsIndirectInputEvents = YES;
				INFOPLIST_KEY_UILaunchStoryboardName = LaunchScreen;
				INFOPLIST_KEY_UIMainStoryboardFile = Main;
				INFOPLIST_KEY_UISupportedInterfaceOrientations_iPad = "UIInterfaceOrientationPortrait UIInterfaceOrientationPortraitUpsideDown UIInterfaceOrientationLandscapeLeft UIInterfaceOrientationLandscapeRight";
				INFOPLIST_KEY_UISupportedInterfaceOrientations_iPhone = "UIInterfaceOrientationPortrait UIInterfaceOrientationLandscapeLeft UIInterfaceOrientationLandscapeRight";
				LD_RUNPATH_SEARCH_PATHS = (
					"$(inherited)",
					"@executable_path/Frameworks",
				);
				MARKETING_VERSION = 1.0;
				PRODUCT_BUNDLE_IDENTIFIER = "com.pitggy.TODO-LIST-APP";
				PRODUCT_NAME = "$(TARGET_NAME)";
				SWIFT_EMIT_LOC_STRINGS = YES;
				SWIFT_VERSION = 5.0;
				TARGETED_DEVICE_FAMILY = "1,2";
			};
			name = Release;
		};
		1119A5AF285EED360016B62A /* Debug */ = {
			isa = XCBuildConfiguration;
			buildSettings = {
				ALWAYS_EMBED_SWIFT_STANDARD_LIBRARIES = YES;
				BUNDLE_LOADER = "$(TEST_HOST)";
				CODE_SIGN_STYLE = Automatic;
				CURRENT_PROJECT_VERSION = 1;
				DEVELOPMENT_TEAM = DU2WK9P9Q7;
				GENERATE_INFOPLIST_FILE = YES;
				IPHONEOS_DEPLOYMENT_TARGET = 15.5;
				MARKETING_VERSION = 1.0;
				PRODUCT_BUNDLE_IDENTIFIER = "com.pitggy.TODO-LIST-APPTests";
				PRODUCT_NAME = "$(TARGET_NAME)";
				SWIFT_EMIT_LOC_STRINGS = NO;
				SWIFT_VERSION = 5.0;
				TARGETED_DEVICE_FAMILY = "1,2";
				TEST_HOST = "$(BUILT_PRODUCTS_DIR)/TODO LIST APP.app/TODO LIST APP";
			};
			name = Debug;
		};
		1119A5B0285EED360016B62A /* Release */ = {
			isa = XCBuildConfiguration;
			buildSettings = {
				ALWAYS_EMBED_SWIFT_STANDARD_LIBRARIES = YES;
				BUNDLE_LOADER = "$(TEST_HOST)";
				CODE_SIGN_STYLE = Automatic;
				CURRENT_PROJECT_VERSION = 1;
				DEVELOPMENT_TEAM = DU2WK9P9Q7;
				GENERATE_INFOPLIST_FILE = YES;
				IPHONEOS_DEPLOYMENT_TARGET = 15.5;
				MARKETING_VERSION = 1.0;
				PRODUCT_BUNDLE_IDENTIFIER = "com.pitggy.TODO-LIST-APPTests";
				PRODUCT_NAME = "$(TARGET_NAME)";
				SWIFT_EMIT_LOC_STRINGS = NO;
				SWIFT_VERSION = 5.0;
				TARGETED_DEVICE_FAMILY = "1,2";
				TEST_HOST = "$(BUILT_PRODUCTS_DIR)/TODO LIST APP.app/TODO LIST APP";
			};
			name = Release;
		};
		1119A5B2285EED360016B62A /* Debug */ = {
			isa = XCBuildConfiguration;
			buildSettings = {
				ALWAYS_EMBED_SWIFT_STANDARD_LIBRARIES = YES;
				CODE_SIGN_STYLE = Automatic;
				CURRENT_PROJECT_VERSION = 1;
				DEVELOPMENT_TEAM = DU2WK9P9Q7;
				GENERATE_INFOPLIST_FILE = YES;
				MARKETING_VERSION = 1.0;
				PRODUCT_BUNDLE_IDENTIFIER = "com.pitggy.TODO-LIST-APPUITests";
				PRODUCT_NAME = "$(TARGET_NAME)";
				SWIFT_EMIT_LOC_STRINGS = NO;
				SWIFT_VERSION = 5.0;
				TARGETED_DEVICE_FAMILY = "1,2";
				TEST_TARGET_NAME = "TODO LIST APP";
			};
			name = Debug;
		};
		1119A5B3285EED360016B62A /* Release */ = {
			isa = XCBuildConfiguration;
			buildSettings = {
				ALWAYS_EMBED_SWIFT_STANDARD_LIBRARIES = YES;
				CODE_SIGN_STYLE = Automatic;
				CURRENT_PROJECT_VERSION = 1;
				DEVELOPMENT_TEAM = DU2WK9P9Q7;
				GENERATE_INFOPLIST_FILE = YES;
				MARKETING_VERSION = 1.0;
				PRODUCT_BUNDLE_IDENTIFIER = "com.pitggy.TODO-LIST-APPUITests";
				PRODUCT_NAME = "$(TARGET_NAME)";
				SWIFT_EMIT_LOC_STRINGS = NO;
				SWIFT_VERSION = 5.0;
				TARGETED_DEVICE_FAMILY = "1,2";
				TEST_TARGET_NAME = "TODO LIST APP";
			};
			name = Release;
		};
/* End XCBuildConfiguration section */

/* Begin XCConfigurationList section */
		1119A57C285EED360016B62A /* Build configuration list for PBXProject "TODO LIST APP" */ = {
			isa = XCConfigurationList;
			buildConfigurations = (
				1119A5A9285EED360016B62A /* Debug */,
				1119A5AA285EED360016B62A /* Release */,
			);
			defaultConfigurationIsVisible = 0;
			defaultConfigurationName = Release;
		};
		1119A5AB285EED360016B62A /* Build configuration list for PBXNativeTarget "TODO LIST APP" */ = {
			isa = XCConfigurationList;
			buildConfigurations = (
				1119A5AC285EED360016B62A /* Debug */,
				1119A5AD285EED360016B62A /* Release */,
			);
			defaultConfigurationIsVisible = 0;
			defaultConfigurationName = Release;
		};
		1119A5AE285EED360016B62A /* Build configuration list for PBXNativeTarget "TODO LIST APPTests" */ = {
			isa = XCConfigurationList;
			buildConfigurations = (
				1119A5AF285EED360016B62A /* Debug */,
				1119A5B0285EED360016B62A /* Release */,
			);
			defaultConfigurationIsVisible = 0;
			defaultConfigurationName = Release;
		};
		1119A5B1285EED360016B62A /* Build configuration list for PBXNativeTarget "TODO LIST APPUITests" */ = {
			isa = XCConfigurationList;
			buildConfigurations = (
				1119A5B2285EED360016B62A /* Debug */,
				1119A5B3285EED360016B62A /* Release */,
			);
			defaultConfigurationIsVisible = 0;
			defaultConfigurationName = Release;
		};
/* End XCConfigurationList section */
	};
	rootObject = 1119A579285EED360016B62A /* Project object */;
}
